PODS:
  - AFNetworking (4.0.0):
    - AFNetworking/NSURLSession (= 4.0.0)
    - AFNetworking/Reachability (= 4.0.0)
    - AFNetworking/Security (= 4.0.0)
    - AFNetworking/Serialization (= 4.0.0)
    - AFNetworking/UIKit (= 4.0.0)
  - AFNetworking/NSURLSession (4.0.0):
    - AFNetworking/Reachability
    - AFNetworking/Security
    - AFNetworking/Serialization
  - AFNetworking/Reachability (4.0.0)
  - AFNetworking/Security (4.0.0)
  - AFNetworking/Serialization (4.0.0)
  - AFNetworking/UIKit (4.0.0):
    - AFNetworking/NSURLSession
  - ChameleonFramework (2.1.0):
    - ChameleonFramework/Default (= 2.1.0)
  - ChameleonFramework/Default (2.1.0)
  - DZNEmptyDataSet (1.8.1)
  - EAIntroView (2.12.0):
    - EARestrictedScrollView (~> 1.1.0)
  - EARestrictedScrollView (1.1.0)
  - IQKeyboardManager (6.5.5)
  - LBXScan/LBXNative (2.3):
    - LBXScan/Types (~> 2.2)
  - LBXScan/Types (2.3)
  - LBXScan/UI (2.3):
    - LBXScan/Types (~> 2.2)
  - Masonry (1.1.0)
  - MBProgressHUD (1.2.0)
  - MJRefresh (3.4.1)
  - SDWebImage (5.7.1):
    - SDWebImage/Core (= 5.7.1)
  - SDWebImage/Core (5.7.1)
  - YYKit (1.0.9):
    - YYKit/no-arc (= 1.0.9)
  - YYKit/no-arc (1.0.9)

DEPENDENCIES:
  - AFNetworking
  - ChameleonFramework
  - DZNEmptyDataSet
  - EAIntroView
  - IQKeyboardManager
  - LBXScan/LBXNative
  - LBXScan/UI
  - Masonry
  - MBProgressHUD
  - MJRefresh
  - SDWebImage
  - YYKit

SPEC REPOS:
  trunk:
    - AFNetworking
    - ChameleonFramework
    - DZNEmptyDataSet
    - EAIntroView
    - EARestrictedScrollView
    - IQKeyboardManager
    - LBXScan
    - Masonry
    - MBProgressHUD
    - MJRefresh
    - SDWebImage
    - YYKit

SPEC CHECKSUMS:
  AFNetworking: d9fdf484a3c723ec3c558a41cc5754c7e845ee77
  ChameleonFramework: d21a3cc247abfe5e37609a283a8238b03575cf64
  DZNEmptyDataSet: 9525833b9e68ac21c30253e1d3d7076cc828eaa7
  EAIntroView: 249559079ddfdbe80e5bcb755c04c3b964b2ac27
  EARestrictedScrollView: b0c2a3f92fb2610bb44d71c5e4893777c89e45ef
  IQKeyboardManager: 3a8b9e603f8b0eeaf5f096a1f2b2cfcf121992ef
  LBXScan: e51449f0832d1fe17da632af0d22adeb3cfa3543
  Masonry: 678fab65091a9290e40e2832a55e7ab731aad201
  MBProgressHUD: 3ee5efcc380f6a79a7cc9b363dd669c5e1ae7406
  MJRefresh: 3153c59a363159092c08b2177ec3a7d09f90bfaf
  SDWebImage: 5d4cf6afccd9ac1d2ee701ed0c4917cbb1b80536
  YYKit: 7cda43304a8dc3696c449041e2cb3107b4e236e7

PODFILE CHECKSUM: b2644dc7d1fd9e86773c712e220f2aa006578dc9

COCOAPODS: 1.8.4
