// !$*UTF8*$!
{
	archiveVersion = 1;
	classes = {
	};
	objectVersion = 46;
	objects = {

/* Begin PBXBuildFile section */
		5EB1906916A387DE00D15666 /* UIKit.framework in Frameworks */ = {isa = PBXBuildFile; fileRef = 5EB1906816A387DE00D15666 /* UIKit.framework */; };
		5EB1906B16A387DE00D15666 /* Foundation.framework in Frameworks */ = {isa = PBXBuildFile; fileRef = 5EB1906A16A387DE00D15666 /* Foundation.framework */; };
		5EB1906D16A387DE00D15666 /* CoreGraphics.framework in Frameworks */ = {isa = PBXBuildFile; fileRef = 5EB1906C16A387DE00D15666 /* CoreGraphics.framework */; };
		5EB1907316A387DE00D15666 /* InfoPlist.strings in Resources */ = {isa = PBXBuildFile; fileRef = 5EB1907116A387DE00D15666 /* InfoPlist.strings */; };
		5EB1907516A387DE00D15666 /* main.m in Sources */ = {isa = PBXBuildFile; fileRef = 5EB1907416A387DE00D15666 /* main.m */; };
		5EB1907916A387DE00D15666 /* AFAppDelegate.m in Sources */ = {isa = PBXBuildFile; fileRef = 5EB1907816A387DE00D15666 /* AFAppDelegate.m */; };
		5EB1907B16A387DE00D15666 /* Default.png in Resources */ = {isa = PBXBuildFile; fileRef = 5EB1907A16A387DE00D15666 /* Default.png */; };
		5EB1907D16A387DE00D15666 /* Default@2x.png in Resources */ = {isa = PBXBuildFile; fileRef = 5EB1907C16A387DE00D15666 /* Default@2x.png */; };
		5EB1907F16A387DE00D15666 /* Default-568h@2x.png in Resources */ = {isa = PBXBuildFile; fileRef = 5EB1907E16A387DE00D15666 /* Default-568h@2x.png */; };
		5EB1908216A387DE00D15666 /* AFViewController.m in Sources */ = {isa = PBXBuildFile; fileRef = 5EB1908116A387DE00D15666 /* AFViewController.m */; };
		5EB1909116A3883300D15666 /* AFPhotoModel.m in Sources */ = {isa = PBXBuildFile; fileRef = 5EB1909016A3883300D15666 /* AFPhotoModel.m */; };
		5EB1909416A3885E00D15666 /* AFCollectionViewCell.m in Sources */ = {isa = PBXBuildFile; fileRef = 5EB1909316A3885E00D15666 /* AFCollectionViewCell.m */; };
		5EB1909716A3887600D15666 /* AFCollectionViewFlowLayout.m in Sources */ = {isa = PBXBuildFile; fileRef = 5EB1909616A3887600D15666 /* AFCollectionViewFlowLayout.m */; };
		5EB190B616A38BA000D15666 /* 0.jpg in Resources */ = {isa = PBXBuildFile; fileRef = 5EB1909816A38B9C00D15666 /* 0.jpg */; };
		5EB190B716A38BA000D15666 /* 1.jpg in Resources */ = {isa = PBXBuildFile; fileRef = 5EB1909916A38B9C00D15666 /* 1.jpg */; };
		5EB190B816A38BA000D15666 /* 2.jpg in Resources */ = {isa = PBXBuildFile; fileRef = 5EB1909A16A38B9D00D15666 /* 2.jpg */; };
		5EB190B916A38BA000D15666 /* 3.jpg in Resources */ = {isa = PBXBuildFile; fileRef = 5EB1909B16A38B9D00D15666 /* 3.jpg */; };
		5EB190BA16A38BA000D15666 /* 4.jpg in Resources */ = {isa = PBXBuildFile; fileRef = 5EB1909C16A38B9D00D15666 /* 4.jpg */; };
		5EB190BB16A38BA000D15666 /* 5.jpg in Resources */ = {isa = PBXBuildFile; fileRef = 5EB1909D16A38B9D00D15666 /* 5.jpg */; };
		5EB190BC16A38BA000D15666 /* 6.jpg in Resources */ = {isa = PBXBuildFile; fileRef = 5EB1909E16A38B9D00D15666 /* 6.jpg */; };
		5EB190BD16A38BA000D15666 /* 7.jpg in Resources */ = {isa = PBXBuildFile; fileRef = 5EB1909F16A38B9D00D15666 /* 7.jpg */; };
		5EB190BE16A38BA000D15666 /* 8.jpg in Resources */ = {isa = PBXBuildFile; fileRef = 5EB190A016A38B9D00D15666 /* 8.jpg */; };
		5EB190BF16A38BA000D15666 /* 9.jpg in Resources */ = {isa = PBXBuildFile; fileRef = 5EB190A116A38B9D00D15666 /* 9.jpg */; };
		5EB190C016A38BA000D15666 /* 10.jpg in Resources */ = {isa = PBXBuildFile; fileRef = 5EB190A216A38B9E00D15666 /* 10.jpg */; };
		5EB190C116A38BA000D15666 /* 11.jpg in Resources */ = {isa = PBXBuildFile; fileRef = 5EB190A316A38B9E00D15666 /* 11.jpg */; };
		5EB190C216A38BA000D15666 /* 12.jpg in Resources */ = {isa = PBXBuildFile; fileRef = 5EB190A416A38B9E00D15666 /* 12.jpg */; };
		5EB190C316A38BA000D15666 /* 13.jpg in Resources */ = {isa = PBXBuildFile; fileRef = 5EB190A516A38B9E00D15666 /* 13.jpg */; };
		5EB190C416A38BA000D15666 /* 14.jpg in Resources */ = {isa = PBXBuildFile; fileRef = 5EB190A616A38B9E00D15666 /* 14.jpg */; };
		5EB190C516A38BA000D15666 /* 15.jpg in Resources */ = {isa = PBXBuildFile; fileRef = 5EB190A716A38B9E00D15666 /* 15.jpg */; };
		5EB190C616A38BA000D15666 /* 16.jpg in Resources */ = {isa = PBXBuildFile; fileRef = 5EB190A816A38B9E00D15666 /* 16.jpg */; };
		5EB190C716A38BA000D15666 /* 17.jpg in Resources */ = {isa = PBXBuildFile; fileRef = 5EB190A916A38B9E00D15666 /* 17.jpg */; };
		5EB190C816A38BA000D15666 /* 18.jpg in Resources */ = {isa = PBXBuildFile; fileRef = 5EB190AA16A38B9E00D15666 /* 18.jpg */; };
		5EB190C916A38BA000D15666 /* 19.jpg in Resources */ = {isa = PBXBuildFile; fileRef = 5EB190AB16A38B9E00D15666 /* 19.jpg */; };
		5EB190CA16A38BA000D15666 /* 20.jpg in Resources */ = {isa = PBXBuildFile; fileRef = 5EB190AC16A38B9F00D15666 /* 20.jpg */; };
		5EB190CB16A38BA000D15666 /* 21.jpg in Resources */ = {isa = PBXBuildFile; fileRef = 5EB190AD16A38B9F00D15666 /* 21.jpg */; };
		5EB190CC16A38BA000D15666 /* 22.jpg in Resources */ = {isa = PBXBuildFile; fileRef = 5EB190AE16A38B9F00D15666 /* 22.jpg */; };
		5EB190CD16A38BA000D15666 /* 23.jpg in Resources */ = {isa = PBXBuildFile; fileRef = 5EB190AF16A38B9F00D15666 /* 23.jpg */; };
		5EB190CE16A38BA000D15666 /* 24.jpg in Resources */ = {isa = PBXBuildFile; fileRef = 5EB190B016A38B9F00D15666 /* 24.jpg */; };
		5EB190CF16A38BA000D15666 /* 25.jpg in Resources */ = {isa = PBXBuildFile; fileRef = 5EB190B116A38BA000D15666 /* 25.jpg */; };
		5EB190D016A38BA000D15666 /* 26.jpg in Resources */ = {isa = PBXBuildFile; fileRef = 5EB190B216A38BA000D15666 /* 26.jpg */; };
		5EB190D116A38BA000D15666 /* 27.jpg in Resources */ = {isa = PBXBuildFile; fileRef = 5EB190B316A38BA000D15666 /* 27.jpg */; };
		5EB190D216A38BA000D15666 /* 28.jpg in Resources */ = {isa = PBXBuildFile; fileRef = 5EB190B416A38BA000D15666 /* 28.jpg */; };
		5EB190D316A38BA000D15666 /* 29.jpg in Resources */ = {isa = PBXBuildFile; fileRef = 5EB190B516A38BA000D15666 /* 29.jpg */; };
		5EB190D716A396C700D15666 /* AFCollectionViewLayoutAttributes.m in Sources */ = {isa = PBXBuildFile; fileRef = 5EB190D616A396C700D15666 /* AFCollectionViewLayoutAttributes.m */; };
/* End PBXBuildFile section */

/* Begin PBXFileReference section */
		5EB1906416A387DE00D15666 /* Dimensions.app */ = {isa = PBXFileReference; explicitFileType = wrapper.application; includeInIndex = 0; path = Dimensions.app; sourceTree = BUILT_PRODUCTS_DIR; };
		5EB1906816A387DE00D15666 /* UIKit.framework */ = {isa = PBXFileReference; lastKnownFileType = wrapper.framework; name = UIKit.framework; path = System/Library/Frameworks/UIKit.framework; sourceTree = SDKROOT; };
		5EB1906A16A387DE00D15666 /* Foundation.framework */ = {isa = PBXFileReference; lastKnownFileType = wrapper.framework; name = Foundation.framework; path = System/Library/Frameworks/Foundation.framework; sourceTree = SDKROOT; };
		5EB1906C16A387DE00D15666 /* CoreGraphics.framework */ = {isa = PBXFileReference; lastKnownFileType = wrapper.framework; name = CoreGraphics.framework; path = System/Library/Frameworks/CoreGraphics.framework; sourceTree = SDKROOT; };
		5EB1907016A387DE00D15666 /* Dimensions-Info.plist */ = {isa = PBXFileReference; lastKnownFileType = text.plist.xml; path = "Dimensions-Info.plist"; sourceTree = "<group>"; };
		5EB1907216A387DE00D15666 /* en */ = {isa = PBXFileReference; lastKnownFileType = text.plist.strings; name = en; path = en.lproj/InfoPlist.strings; sourceTree = "<group>"; };
		5EB1907416A387DE00D15666 /* main.m */ = {isa = PBXFileReference; lastKnownFileType = sourcecode.c.objc; path = main.m; sourceTree = "<group>"; };
		5EB1907616A387DE00D15666 /* Dimensions-Prefix.pch */ = {isa = PBXFileReference; lastKnownFileType = sourcecode.c.h; path = "Dimensions-Prefix.pch"; sourceTree = "<group>"; };
		5EB1907716A387DE00D15666 /* AFAppDelegate.h */ = {isa = PBXFileReference; lastKnownFileType = sourcecode.c.h; path = AFAppDelegate.h; sourceTree = "<group>"; };
		5EB1907816A387DE00D15666 /* AFAppDelegate.m */ = {isa = PBXFileReference; lastKnownFileType = sourcecode.c.objc; path = AFAppDelegate.m; sourceTree = "<group>"; };
		5EB1907A16A387DE00D15666 /* Default.png */ = {isa = PBXFileReference; lastKnownFileType = image.png; path = Default.png; sourceTree = "<group>"; };
		5EB1907C16A387DE00D15666 /* Default@2x.png */ = {isa = PBXFileReference; lastKnownFileType = image.png; path = "Default@2x.png"; sourceTree = "<group>"; };
		5EB1907E16A387DE00D15666 /* Default-568h@2x.png */ = {isa = PBXFileReference; lastKnownFileType = image.png; path = "Default-568h@2x.png"; sourceTree = "<group>"; };
		5EB1908016A387DE00D15666 /* AFViewController.h */ = {isa = PBXFileReference; lastKnownFileType = sourcecode.c.h; path = AFViewController.h; sourceTree = "<group>"; };
		5EB1908116A387DE00D15666 /* AFViewController.m */ = {isa = PBXFileReference; lastKnownFileType = sourcecode.c.objc; path = AFViewController.m; sourceTree = "<group>"; };
		5EB1908F16A3883300D15666 /* AFPhotoModel.h */ = {isa = PBXFileReference; fileEncoding = 4; lastKnownFileType = sourcecode.c.h; path = AFPhotoModel.h; sourceTree = "<group>"; };
		5EB1909016A3883300D15666 /* AFPhotoModel.m */ = {isa = PBXFileReference; fileEncoding = 4; lastKnownFileType = sourcecode.c.objc; path = AFPhotoModel.m; sourceTree = "<group>"; };
		5EB1909216A3885E00D15666 /* AFCollectionViewCell.h */ = {isa = PBXFileReference; fileEncoding = 4; lastKnownFileType = sourcecode.c.h; path = AFCollectionViewCell.h; sourceTree = "<group>"; };
		5EB1909316A3885E00D15666 /* AFCollectionViewCell.m */ = {isa = PBXFileReference; fileEncoding = 4; lastKnownFileType = sourcecode.c.objc; path = AFCollectionViewCell.m; sourceTree = "<group>"; };
		5EB1909516A3887600D15666 /* AFCollectionViewFlowLayout.h */ = {isa = PBXFileReference; fileEncoding = 4; lastKnownFileType = sourcecode.c.h; path = AFCollectionViewFlowLayout.h; sourceTree = "<group>"; };
		5EB1909616A3887600D15666 /* AFCollectionViewFlowLayout.m */ = {isa = PBXFileReference; fileEncoding = 4; lastKnownFileType = sourcecode.c.objc; path = AFCollectionViewFlowLayout.m; sourceTree = "<group>"; };
		5EB1909816A38B9C00D15666 /* 0.jpg */ = {isa = PBXFileReference; lastKnownFileType = image.jpeg; path = 0.jpg; sourceTree = "<group>"; };
		5EB1909916A38B9C00D15666 /* 1.jpg */ = {isa = PBXFileReference; lastKnownFileType = image.jpeg; path = 1.jpg; sourceTree = "<group>"; };
		5EB1909A16A38B9D00D15666 /* 2.jpg */ = {isa = PBXFileReference; lastKnownFileType = image.jpeg; path = 2.jpg; sourceTree = "<group>"; };
		5EB1909B16A38B9D00D15666 /* 3.jpg */ = {isa = PBXFileReference; lastKnownFileType = image.jpeg; path = 3.jpg; sourceTree = "<group>"; };
		5EB1909C16A38B9D00D15666 /* 4.jpg */ = {isa = PBXFileReference; lastKnownFileType = image.jpeg; path = 4.jpg; sourceTree = "<group>"; };
		5EB1909D16A38B9D00D15666 /* 5.jpg */ = {isa = PBXFileReference; lastKnownFileType = image.jpeg; path = 5.jpg; sourceTree = "<group>"; };
		5EB1909E16A38B9D00D15666 /* 6.jpg */ = {isa = PBXFileReference; lastKnownFileType = image.jpeg; path = 6.jpg; sourceTree = "<group>"; };
		5EB1909F16A38B9D00D15666 /* 7.jpg */ = {isa = PBXFileReference; lastKnownFileType = image.jpeg; path = 7.jpg; sourceTree = "<group>"; };
		5EB190A016A38B9D00D15666 /* 8.jpg */ = {isa = PBXFileReference; lastKnownFileType = image.jpeg; path = 8.jpg; sourceTree = "<group>"; };
		5EB190A116A38B9D00D15666 /* 9.jpg */ = {isa = PBXFileReference; lastKnownFileType = image.jpeg; path = 9.jpg; sourceTree = "<group>"; };
		5EB190A216A38B9E00D15666 /* 10.jpg */ = {isa = PBXFileReference; lastKnownFileType = image.jpeg; path = 10.jpg; sourceTree = "<group>"; };
		5EB190A316A38B9E00D15666 /* 11.jpg */ = {isa = PBXFileReference; lastKnownFileType = image.jpeg; path = 11.jpg; sourceTree = "<group>"; };
		5EB190A416A38B9E00D15666 /* 12.jpg */ = {isa = PBXFileReference; lastKnownFileType = image.jpeg; path = 12.jpg; sourceTree = "<group>"; };
		5EB190A516A38B9E00D15666 /* 13.jpg */ = {isa = PBXFileReference; lastKnownFileType = image.jpeg; path = 13.jpg; sourceTree = "<group>"; };
		5EB190A616A38B9E00D15666 /* 14.jpg */ = {isa = PBXFileReference; lastKnownFileType = image.jpeg; path = 14.jpg; sourceTree = "<group>"; };
		5EB190A716A38B9E00D15666 /* 15.jpg */ = {isa = PBXFileReference; lastKnownFileType = image.jpeg; path = 15.jpg; sourceTree = "<group>"; };
		5EB190A816A38B9E00D15666 /* 16.jpg */ = {isa = PBXFileReference; lastKnownFileType = image.jpeg; path = 16.jpg; sourceTree = "<group>"; };
		5EB190A916A38B9E00D15666 /* 17.jpg */ = {isa = PBXFileReference; lastKnownFileType = image.jpeg; path = 17.jpg; sourceTree = "<group>"; };
		5EB190AA16A38B9E00D15666 /* 18.jpg */ = {isa = PBXFileReference; lastKnownFileType = image.jpeg; path = 18.jpg; sourceTree = "<group>"; };
		5EB190AB16A38B9E00D15666 /* 19.jpg */ = {isa = PBXFileReference; lastKnownFileType = image.jpeg; path = 19.jpg; sourceTree = "<group>"; };
		5EB190AC16A38B9F00D15666 /* 20.jpg */ = {isa = PBXFileReference; lastKnownFileType = image.jpeg; path = 20.jpg; sourceTree = "<group>"; };
		5EB190AD16A38B9F00D15666 /* 21.jpg */ = {isa = PBXFileReference; lastKnownFileType = image.jpeg; path = 21.jpg; sourceTree = "<group>"; };
		5EB190AE16A38B9F00D15666 /* 22.jpg */ = {isa = PBXFileReference; lastKnownFileType = image.jpeg; path = 22.jpg; sourceTree = "<group>"; };
		5EB190AF16A38B9F00D15666 /* 23.jpg */ = {isa = PBXFileReference; lastKnownFileType = image.jpeg; path = 23.jpg; sourceTree = "<group>"; };
		5EB190B016A38B9F00D15666 /* 24.jpg */ = {isa = PBXFileReference; lastKnownFileType = image.jpeg; path = 24.jpg; sourceTree = "<group>"; };
		5EB190B116A38BA000D15666 /* 25.jpg */ = {isa = PBXFileReference; lastKnownFileType = image.jpeg; path = 25.jpg; sourceTree = "<group>"; };
		5EB190B216A38BA000D15666 /* 26.jpg */ = {isa = PBXFileReference; lastKnownFileType = image.jpeg; path = 26.jpg; sourceTree = "<group>"; };
		5EB190B316A38BA000D15666 /* 27.jpg */ = {isa = PBXFileReference; lastKnownFileType = image.jpeg; path = 27.jpg; sourceTree = "<group>"; };
		5EB190B416A38BA000D15666 /* 28.jpg */ = {isa = PBXFileReference; lastKnownFileType = image.jpeg; path = 28.jpg; sourceTree = "<group>"; };
		5EB190B516A38BA000D15666 /* 29.jpg */ = {isa = PBXFileReference; lastKnownFileType = image.jpeg; path = 29.jpg; sourceTree = "<group>"; };
		5EB190D516A396C700D15666 /* AFCollectionViewLayoutAttributes.h */ = {isa = PBXFileReference; fileEncoding = 4; lastKnownFileType = sourcecode.c.h; path = AFCollectionViewLayoutAttributes.h; sourceTree = "<group>"; };
		5EB190D616A396C700D15666 /* AFCollectionViewLayoutAttributes.m */ = {isa = PBXFileReference; fileEncoding = 4; lastKnownFileType = sourcecode.c.objc; path = AFCollectionViewLayoutAttributes.m; sourceTree = "<group>"; };
/* End PBXFileReference section */

/* Begin PBXFrameworksBuildPhase section */
		5EB1906116A387DE00D15666 /* Frameworks */ = {
			isa = PBXFrameworksBuildPhase;
			buildActionMask = 2147483647;
			files = (
				5EB1906916A387DE00D15666 /* UIKit.framework in Frameworks */,
				5EB1906B16A387DE00D15666 /* Foundation.framework in Frameworks */,
				5EB1906D16A387DE00D15666 /* CoreGraphics.framework in Frameworks */,
			);
			runOnlyForDeploymentPostprocessing = 0;
		};
/* End PBXFrameworksBuildPhase section */

/* Begin PBXGroup section */
		5EB1905916A387DE00D15666 = {
			isa = PBXGroup;
			children = (
				5EB1906E16A387DE00D15666 /* Dimensions */,
				5EB1906716A387DE00D15666 /* Frameworks */,
				5EB1906516A387DE00D15666 /* Products */,
			);
			sourceTree = "<group>";
		};
		5EB1906516A387DE00D15666 /* Products */ = {
			isa = PBXGroup;
			children = (
				5EB1906416A387DE00D15666 /* Dimensions.app */,
			);
			name = Products;
			sourceTree = "<group>";
		};
		5EB1906716A387DE00D15666 /* Frameworks */ = {
			isa = PBXGroup;
			children = (
				5EB1906816A387DE00D15666 /* UIKit.framework */,
				5EB1906A16A387DE00D15666 /* Foundation.framework */,
				5EB1906C16A387DE00D15666 /* CoreGraphics.framework */,
			);
			name = Frameworks;
			sourceTree = "<group>";
		};
		5EB1906E16A387DE00D15666 /* Dimensions */ = {
			isa = PBXGroup;
			children = (
				5EB190D416A38BA700D15666 /* Photos */,
				5EB1907716A387DE00D15666 /* AFAppDelegate.h */,
				5EB1907816A387DE00D15666 /* AFAppDelegate.m */,
				5EB190DB16A39B9400D15666 /* Collection View Extensions */,
				5EB190DA16A39B8D00D15666 /* Controller */,
				5EB190D916A39B8600D15666 /* View */,
				5EB190D816A39B7E00D15666 /* Model */,
				5EB1906F16A387DE00D15666 /* Supporting Files */,
			);
			path = Dimensions;
			sourceTree = "<group>";
		};
		5EB1906F16A387DE00D15666 /* Supporting Files */ = {
			isa = PBXGroup;
			children = (
				5EB1907016A387DE00D15666 /* Dimensions-Info.plist */,
				5EB1907116A387DE00D15666 /* InfoPlist.strings */,
				5EB1907416A387DE00D15666 /* main.m */,
				5EB1907616A387DE00D15666 /* Dimensions-Prefix.pch */,
				5EB1907A16A387DE00D15666 /* Default.png */,
				5EB1907C16A387DE00D15666 /* Default@2x.png */,
				5EB1907E16A387DE00D15666 /* Default-568h@2x.png */,
			);
			name = "Supporting Files";
			sourceTree = "<group>";
		};
		5EB190D416A38BA700D15666 /* Photos */ = {
			isa = PBXGroup;
			children = (
				5EB1909816A38B9C00D15666 /* 0.jpg */,
				5EB1909916A38B9C00D15666 /* 1.jpg */,
				5EB1909A16A38B9D00D15666 /* 2.jpg */,
				5EB1909B16A38B9D00D15666 /* 3.jpg */,
				5EB1909C16A38B9D00D15666 /* 4.jpg */,
				5EB1909D16A38B9D00D15666 /* 5.jpg */,
				5EB1909E16A38B9D00D15666 /* 6.jpg */,
				5EB1909F16A38B9D00D15666 /* 7.jpg */,
				5EB190A016A38B9D00D15666 /* 8.jpg */,
				5EB190A116A38B9D00D15666 /* 9.jpg */,
				5EB190A216A38B9E00D15666 /* 10.jpg */,
				5EB190A316A38B9E00D15666 /* 11.jpg */,
				5EB190A416A38B9E00D15666 /* 12.jpg */,
				5EB190A516A38B9E00D15666 /* 13.jpg */,
				5EB190A616A38B9E00D15666 /* 14.jpg */,
				5EB190A716A38B9E00D15666 /* 15.jpg */,
				5EB190A816A38B9E00D15666 /* 16.jpg */,
				5EB190A916A38B9E00D15666 /* 17.jpg */,
				5EB190AA16A38B9E00D15666 /* 18.jpg */,
				5EB190AB16A38B9E00D15666 /* 19.jpg */,
				5EB190AC16A38B9F00D15666 /* 20.jpg */,
				5EB190AD16A38B9F00D15666 /* 21.jpg */,
				5EB190AE16A38B9F00D15666 /* 22.jpg */,
				5EB190AF16A38B9F00D15666 /* 23.jpg */,
				5EB190B016A38B9F00D15666 /* 24.jpg */,
				5EB190B116A38BA000D15666 /* 25.jpg */,
				5EB190B216A38BA000D15666 /* 26.jpg */,
				5EB190B316A38BA000D15666 /* 27.jpg */,
				5EB190B416A38BA000D15666 /* 28.jpg */,
				5EB190B516A38BA000D15666 /* 29.jpg */,
			);
			name = Photos;
			sourceTree = "<group>";
		};
		5EB190D816A39B7E00D15666 /* Model */ = {
			isa = PBXGroup;
			children = (
				5EB1908F16A3883300D15666 /* AFPhotoModel.h */,
				5EB1909016A3883300D15666 /* AFPhotoModel.m */,
			);
			name = Model;
			sourceTree = "<group>";
		};
		5EB190D916A39B8600D15666 /* View */ = {
			isa = PBXGroup;
			children = (
				5EB1909216A3885E00D15666 /* AFCollectionViewCell.h */,
				5EB1909316A3885E00D15666 /* AFCollectionViewCell.m */,
			);
			name = View;
			sourceTree = "<group>";
		};
		5EB190DA16A39B8D00D15666 /* Controller */ = {
			isa = PBXGroup;
			children = (
				5EB1908016A387DE00D15666 /* AFViewController.h */,
				5EB1908116A387DE00D15666 /* AFViewController.m */,
			);
			name = Controller;
			sourceTree = "<group>";
		};
		5EB190DB16A39B9400D15666 /* Collection View Extensions */ = {
			isa = PBXGroup;
			children = (
				5EB1909516A3887600D15666 /* AFCollectionViewFlowLayout.h */,
				5EB1909616A3887600D15666 /* AFCollectionViewFlowLayout.m */,
				5EB190D516A396C700D15666 /* AFCollectionViewLayoutAttributes.h */,
				5EB190D616A396C700D15666 /* AFCollectionViewLayoutAttributes.m */,
			);
			name = "Collection View Extensions";
			sourceTree = "<group>";
		};
/* End PBXGroup section */

/* Begin PBXNativeTarget section */
		5EB1906316A387DE00D15666 /* Dimensions */ = {
			isa = PBXNativeTarget;
			buildConfigurationList = 5EB1908816A387DE00D15666 /* Build configuration list for PBXNativeTarget "Dimensions" */;
			buildPhases = (
				5EB1906016A387DE00D15666 /* Sources */,
				5EB1906116A387DE00D15666 /* Frameworks */,
				5EB1906216A387DE00D15666 /* Resources */,
			);
			buildRules = (
			);
			dependencies = (
			);
			name = Dimensions;
			productName = Dimensions;
			productReference = 5EB1906416A387DE00D15666 /* Dimensions.app */;
			productType = "com.apple.product-type.application";
		};
/* End PBXNativeTarget section */

/* Begin PBXProject section */
		5EB1905B16A387DE00D15666 /* Project object */ = {
			isa = PBXProject;
			attributes = {
				CLASSPREFIX = AF;
				LastUpgradeCheck = 1160;
				ORGANIZATIONNAME = "Ash Furrow";
				TargetAttributes = {
					5EB1906316A387DE00D15666 = {
						DevelopmentTeam = A8F7U6DN75;
					};
				};
			};
			buildConfigurationList = 5EB1905E16A387DE00D15666 /* Build configuration list for PBXProject "Dimensions" */;
			compatibilityVersion = "Xcode 3.2";
			developmentRegion = en;
			hasScannedForEncodings = 0;
			knownRegions = (
				en,
				Base,
			);
			mainGroup = 5EB1905916A387DE00D15666;
			productRefGroup = 5EB1906516A387DE00D15666 /* Products */;
			projectDirPath = "";
			projectRoot = "";
			targets = (
				5EB1906316A387DE00D15666 /* Dimensions */,
			);
		};
/* End PBXProject section */

/* Begin PBXResourcesBuildPhase section */
		5EB1906216A387DE00D15666 /* Resources */ = {
			isa = PBXResourcesBuildPhase;
			buildActionMask = 2147483647;
			files = (
				5EB1907316A387DE00D15666 /* InfoPlist.strings in Resources */,
				5EB1907B16A387DE00D15666 /* Default.png in Resources */,
				5EB1907D16A387DE00D15666 /* Default@2x.png in Resources */,
				5EB1907F16A387DE00D15666 /* Default-568h@2x.png in Resources */,
				5EB190B616A38BA000D15666 /* 0.jpg in Resources */,
				5EB190B716A38BA000D15666 /* 1.jpg in Resources */,
				5EB190B816A38BA000D15666 /* 2.jpg in Resources */,
				5EB190B916A38BA000D15666 /* 3.jpg in Resources */,
				5EB190BA16A38BA000D15666 /* 4.jpg in Resources */,
				5EB190BB16A38BA000D15666 /* 5.jpg in Resources */,
				5EB190BC16A38BA000D15666 /* 6.jpg in Resources */,
				5EB190BD16A38BA000D15666 /* 7.jpg in Resources */,
				5EB190BE16A38BA000D15666 /* 8.jpg in Resources */,
				5EB190BF16A38BA000D15666 /* 9.jpg in Resources */,
				5EB190C016A38BA000D15666 /* 10.jpg in Resources */,
				5EB190C116A38BA000D15666 /* 11.jpg in Resources */,
				5EB190C216A38BA000D15666 /* 12.jpg in Resources */,
				5EB190C316A38BA000D15666 /* 13.jpg in Resources */,
				5EB190C416A38BA000D15666 /* 14.jpg in Resources */,
				5EB190C516A38BA000D15666 /* 15.jpg in Resources */,
				5EB190C616A38BA000D15666 /* 16.jpg in Resources */,
				5EB190C716A38BA000D15666 /* 17.jpg in Resources */,
				5EB190C816A38BA000D15666 /* 18.jpg in Resources */,
				5EB190C916A38BA000D15666 /* 19.jpg in Resources */,
				5EB190CA16A38BA000D15666 /* 20.jpg in Resources */,
				5EB190CB16A38BA000D15666 /* 21.jpg in Resources */,
				5EB190CC16A38BA000D15666 /* 22.jpg in Resources */,
				5EB190CD16A38BA000D15666 /* 23.jpg in Resources */,
				5EB190CE16A38BA000D15666 /* 24.jpg in Resources */,
				5EB190CF16A38BA000D15666 /* 25.jpg in Resources */,
				5EB190D016A38BA000D15666 /* 26.jpg in Resources */,
				5EB190D116A38BA000D15666 /* 27.jpg in Resources */,
				5EB190D216A38BA000D15666 /* 28.jpg in Resources */,
				5EB190D316A38BA000D15666 /* 29.jpg in Resources */,
			);
			runOnlyForDeploymentPostprocessing = 0;
		};
/* End PBXResourcesBuildPhase section */

/* Begin PBXSourcesBuildPhase section */
		5EB1906016A387DE00D15666 /* Sources */ = {
			isa = PBXSourcesBuildPhase;
			buildActionMask = 2147483647;
			files = (
				5EB1907516A387DE00D15666 /* main.m in Sources */,
				5EB1907916A387DE00D15666 /* AFAppDelegate.m in Sources */,
				5EB1908216A387DE00D15666 /* AFViewController.m in Sources */,
				5EB1909116A3883300D15666 /* AFPhotoModel.m in Sources */,
				5EB1909416A3885E00D15666 /* AFCollectionViewCell.m in Sources */,
				5EB1909716A3887600D15666 /* AFCollectionViewFlowLayout.m in Sources */,
				5EB190D716A396C700D15666 /* AFCollectionViewLayoutAttributes.m in Sources */,
			);
			runOnlyForDeploymentPostprocessing = 0;
		};
/* End PBXSourcesBuildPhase section */

/* Begin PBXVariantGroup section */
		5EB1907116A387DE00D15666 /* InfoPlist.strings */ = {
			isa = PBXVariantGroup;
			children = (
				5EB1907216A387DE00D15666 /* en */,
			);
			name = InfoPlist.strings;
			sourceTree = "<group>";
		};
/* End PBXVariantGroup section */

/* Begin XCBuildConfiguration section */
		5EB1908616A387DE00D15666 /* Debug */ = {
			isa = XCBuildConfiguration;
			buildSettings = {
				ALWAYS_SEARCH_USER_PATHS = NO;
				CLANG_ANALYZER_LOCALIZABILITY_NONLOCALIZED = YES;
				CLANG_CXX_LANGUAGE_STANDARD = "gnu++0x";
				CLANG_CXX_LIBRARY = "libc++";
				CLANG_ENABLE_OBJC_ARC = YES;
				CLANG_WARN_BLOCK_CAPTURE_AUTORELEASING = YES;
				CLANG_WARN_BOOL_CONVERSION = YES;
				CLANG_WARN_COMMA = YES;
				CLANG_WARN_CONSTANT_CONVERSION = YES;
				CLANG_WARN_DEPRECATED_OBJC_IMPLEMENTATIONS = YES;
				CLANG_WARN_EMPTY_BODY = YES;
				CLANG_WARN_ENUM_CONVERSION = YES;
				CLANG_WARN_INFINITE_RECURSION = YES;
				CLANG_WARN_INT_CONVERSION = YES;
				CLANG_WARN_NON_LITERAL_NULL_CONVERSION = YES;
				CLANG_WARN_OBJC_IMPLICIT_RETAIN_SELF = YES;
				CLANG_WARN_OBJC_LITERAL_CONVERSION = YES;
				CLANG_WARN_RANGE_LOOP_ANALYSIS = YES;
				CLANG_WARN_STRICT_PROTOTYPES = YES;
				CLANG_WARN_SUSPICIOUS_MOVE = YES;
				CLANG_WARN_UNREACHABLE_CODE = YES;
				CLANG_WARN__DUPLICATE_METHOD_MATCH = YES;
				"CODE_SIGN_IDENTITY[sdk=iphoneos*]" = "iPhone Developer";
				COPY_PHASE_STRIP = NO;
				ENABLE_STRICT_OBJC_MSGSEND = YES;
				ENABLE_TESTABILITY = YES;
				GCC_C_LANGUAGE_STANDARD = gnu99;
				GCC_DYNAMIC_NO_PIC = NO;
				GCC_NO_COMMON_BLOCKS = YES;
				GCC_OPTIMIZATION_LEVEL = 0;
				GCC_PREPROCESSOR_DEFINITIONS = (
					"DEBUG=1",
					"$(inherited)",
				);
				GCC_SYMBOLS_PRIVATE_EXTERN = NO;
				GCC_WARN_64_TO_32_BIT_CONVERSION = YES;
				GCC_WARN_ABOUT_RETURN_TYPE = YES;
				GCC_WARN_UNDECLARED_SELECTOR = YES;
				GCC_WARN_UNINITIALIZED_AUTOS = YES;
				GCC_WARN_UNUSED_FUNCTION = YES;
				GCC_WARN_UNUSED_VARIABLE = YES;
				IPHONEOS_DEPLOYMENT_TARGET = 8.0;
				ONLY_ACTIVE_ARCH = YES;
				SDKROOT = iphoneos;
			};
			name = Debug;
		};
		5EB1908716A387DE00D15666 /* Release */ = {
			isa = XCBuildConfiguration;
			buildSettings = {
				ALWAYS_SEARCH_USER_PATHS = NO;
				CLANG_ANALYZER_LOCALIZABILITY_NONLOCALIZED = YES;
				CLANG_CXX_LANGUAGE_STANDARD = "gnu++0x";
				CLANG_CXX_LIBRARY = "libc++";
				CLANG_ENABLE_OBJC_ARC = YES;
				CLANG_WARN_BLOCK_CAPTURE_AUTORELEASING = YES;
				CLANG_WARN_BOOL_CONVERSION = YES;
				CLANG_WARN_COMMA = YES;
				CLANG_WARN_CONSTANT_CONVERSION = YES;
				CLANG_WARN_DEPRECATED_OBJC_IMPLEMENTATIONS = YES;
				CLANG_WARN_EMPTY_BODY = YES;
				CLANG_WARN_ENUM_CONVERSION = YES;
				CLANG_WARN_INFINITE_RECURSION = YES;
				CLANG_WARN_INT_CONVERSION = YES;
				CLANG_WARN_NON_LITERAL_NULL_CONVERSION = YES;
				CLANG_WARN_OBJC_IMPLICIT_RETAIN_SELF = YES;
				CLANG_WARN_OBJC_LITERAL_CONVERSION = YES;
				CLANG_WARN_RANGE_LOOP_ANALYSIS = YES;
				CLANG_WARN_STRICT_PROTOTYPES = YES;
				CLANG_WARN_SUSPICIOUS_MOVE = YES;
				CLANG_WARN_UNREACHABLE_CODE = YES;
				CLANG_WARN__DUPLICATE_METHOD_MATCH = YES;
				"CODE_SIGN_IDENTITY[sdk=iphoneos*]" = "iPhone Developer";
				COPY_PHASE_STRIP = YES;
				ENABLE_STRICT_OBJC_MSGSEND = YES;
				GCC_C_LANGUAGE_STANDARD = gnu99;
				GCC_NO_COMMON_BLOCKS = YES;
				GCC_WARN_64_TO_32_BIT_CONVERSION = YES;
				GCC_WARN_ABOUT_RETURN_TYPE = YES;
				GCC_WARN_UNDECLARED_SELECTOR = YES;
				GCC_WARN_UNINITIALIZED_AUTOS = YES;
				GCC_WARN_UNUSED_FUNCTION = YES;
				GCC_WARN_UNUSED_VARIABLE = YES;
				IPHONEOS_DEPLOYMENT_TARGET = 8.0;
				OTHER_CFLAGS = "-DNS_BLOCK_ASSERTIONS=1";
				SDKROOT = iphoneos;
				VALIDATE_PRODUCT = YES;
			};
			name = Release;
		};
		5EB1908916A387DE00D15666 /* Debug */ = {
			isa = XCBuildConfiguration;
			buildSettings = {
				DEVELOPMENT_TEAM = A8F7U6DN75;
				GCC_PRECOMPILE_PREFIX_HEADER = YES;
				GCC_PREFIX_HEADER = "Dimensions/Dimensions-Prefix.pch";
				INFOPLIST_FILE = "Dimensions/Dimensions-Info.plist";
				IPHONEOS_DEPLOYMENT_TARGET = 8.0;
				PRODUCT_BUNDLE_IDENTIFIER = "com.ashfurrow.${PRODUCT_NAME:rfc1034identifier}";
				PRODUCT_NAME = "$(TARGET_NAME)";
				WRAPPER_EXTENSION = app;
			};
			name = Debug;
		};
		5EB1908A16A387DE00D15666 /* Release */ = {
			isa = XCBuildConfiguration;
			buildSettings = {
				DEVELOPMENT_TEAM = A8F7U6DN75;
				GCC_PRECOMPILE_PREFIX_HEADER = YES;
				GCC_PREFIX_HEADER = "Dimensions/Dimensions-Prefix.pch";
				INFOPLIST_FILE = "Dimensions/Dimensions-Info.plist";
				IPHONEOS_DEPLOYMENT_TARGET = 8.0;
				PRODUCT_BUNDLE_IDENTIFIER = "com.ashfurrow.${PRODUCT_NAME:rfc1034identifier}";
				PRODUCT_NAME = "$(TARGET_NAME)";
				WRAPPER_EXTENSION = app;
			};
			name = Release;
		};
/* End XCBuildConfiguration section */

/* Begin XCConfigurationList section */
		5EB1905E16A387DE00D15666 /* Build configuration list for PBXProject "Dimensions" */ = {
			isa = XCConfigurationList;
			buildConfigurations = (
				5EB1908616A387DE00D15666 /* Debug */,
				5EB1908716A387DE00D15666 /* Release */,
			);
			defaultConfigurationIsVisible = 0;
			defaultConfigurationName = Release;
		};
		5EB1908816A387DE00D15666 /* Build configuration list for PBXNativeTarget "Dimensions" */ = {
			isa = XCConfigurationList;
			buildConfigurations = (
				5EB1908916A387DE00D15666 /* Debug */,
				5EB1908A16A387DE00D15666 /* Release */,
			);
			defaultConfigurationIsVisible = 0;
			defaultConfigurationName = Release;
		};
/* End XCConfigurationList section */
	};
	rootObject = 5EB1905B16A387DE00D15666 /* Project object */;
}
