// !$*UTF8*$!
{
	archiveVersion = 1;
	classes = {
	};
	objectVersion = 50;
	objects = {

/* Begin PBXBuildFile section */
		228150EA24B5A9940025C4A8 /* AppDelegate.m in Sources */ = {isa = PBXBuildFile; fileRef = 228150E924B5A9940025C4A8 /* AppDelegate.m */; };
		228150ED24B5A9940025C4A8 /* SceneDelegate.m in Sources */ = {isa = PBXBuildFile; fileRef = 228150EC24B5A9940025C4A8 /* SceneDelegate.m */; };
		228150F624B5A9940025C4A8 /* Main.storyboard in Resources */ = {isa = PBXBuildFile; fileRef = 228150F424B5A9940025C4A8 /* Main.storyboard */; };
		228150F824B5A9970025C4A8 /* Assets.xcassets in Resources */ = {isa = PBXBuildFile; fileRef = 228150F724B5A9970025C4A8 /* Assets.xcassets */; };
		228150FB24B5A9970025C4A8 /* LaunchScreen.storyboard in Resources */ = {isa = PBXBuildFile; fileRef = 228150F924B5A9970025C4A8 /* LaunchScreen.storyboard */; };
		228150FE24B5A9970025C4A8 /* main.m in Sources */ = {isa = PBXBuildFile; fileRef = 228150FD24B5A9970025C4A8 /* main.m */; };
		2281510624B5AD100025C4A8 /* CollectionViewController.m in Sources */ = {isa = PBXBuildFile; fileRef = 2281510524B5AD100025C4A8 /* CollectionViewController.m */; };
		2281510924B5AD200025C4A8 /* TableViewController.m in Sources */ = {isa = PBXBuildFile; fileRef = 2281510824B5AD200025C4A8 /* TableViewController.m */; };
		2281510C24B5AD370025C4A8 /* SearchViewController.m in Sources */ = {isa = PBXBuildFile; fileRef = 2281510B24B5AD370025C4A8 /* SearchViewController.m */; };
		2281511124B5B1070025C4A8 /* colors.json in Resources */ = {isa = PBXBuildFile; fileRef = 2281511024B5B1070025C4A8 /* colors.json */; };
		2281511424B5B1210025C4A8 /* Color.m in Sources */ = {isa = PBXBuildFile; fileRef = 2281511324B5B1210025C4A8 /* Color.m */; };
		2281511724B5B2140025C4A8 /* UIColor+Hex.m in Sources */ = {isa = PBXBuildFile; fileRef = 2281511624B5B2140025C4A8 /* UIColor+Hex.m */; };
		2281511A24B5B5140025C4A8 /* Palette.m in Sources */ = {isa = PBXBuildFile; fileRef = 2281511924B5B5140025C4A8 /* Palette.m */; };
		2281511E24B5E72D0025C4A8 /* UIScrollView+EmptyDataSet.m in Sources */ = {isa = PBXBuildFile; fileRef = 2281511C24B5E72D0025C4A8 /* UIScrollView+EmptyDataSet.m */; };
/* End PBXBuildFile section */

/* Begin PBXFileReference section */
		228150E524B5A9940025C4A8 /* Colors.app */ = {isa = PBXFileReference; explicitFileType = wrapper.application; includeInIndex = 0; path = Colors.app; sourceTree = BUILT_PRODUCTS_DIR; };
		228150E824B5A9940025C4A8 /* AppDelegate.h */ = {isa = PBXFileReference; lastKnownFileType = sourcecode.c.h; path = AppDelegate.h; sourceTree = "<group>"; };
		228150E924B5A9940025C4A8 /* AppDelegate.m */ = {isa = PBXFileReference; lastKnownFileType = sourcecode.c.objc; path = AppDelegate.m; sourceTree = "<group>"; };
		228150EB24B5A9940025C4A8 /* SceneDelegate.h */ = {isa = PBXFileReference; lastKnownFileType = sourcecode.c.h; path = SceneDelegate.h; sourceTree = "<group>"; };
		228150EC24B5A9940025C4A8 /* SceneDelegate.m */ = {isa = PBXFileReference; lastKnownFileType = sourcecode.c.objc; path = SceneDelegate.m; sourceTree = "<group>"; };
		228150F524B5A9940025C4A8 /* Base */ = {isa = PBXFileReference; lastKnownFileType = file.storyboard; name = Base; path = Base.lproj/Main.storyboard; sourceTree = "<group>"; };
		228150F724B5A9970025C4A8 /* Assets.xcassets */ = {isa = PBXFileReference; lastKnownFileType = folder.assetcatalog; path = Assets.xcassets; sourceTree = "<group>"; };
		228150FA24B5A9970025C4A8 /* Base */ = {isa = PBXFileReference; lastKnownFileType = file.storyboard; name = Base; path = Base.lproj/LaunchScreen.storyboard; sourceTree = "<group>"; };
		228150FC24B5A9970025C4A8 /* Info.plist */ = {isa = PBXFileReference; lastKnownFileType = text.plist.xml; path = Info.plist; sourceTree = "<group>"; };
		228150FD24B5A9970025C4A8 /* main.m */ = {isa = PBXFileReference; lastKnownFileType = sourcecode.c.objc; path = main.m; sourceTree = "<group>"; };
		2281510424B5AD100025C4A8 /* CollectionViewController.h */ = {isa = PBXFileReference; lastKnownFileType = sourcecode.c.h; path = CollectionViewController.h; sourceTree = "<group>"; };
		2281510524B5AD100025C4A8 /* CollectionViewController.m */ = {isa = PBXFileReference; lastKnownFileType = sourcecode.c.objc; path = CollectionViewController.m; sourceTree = "<group>"; };
		2281510724B5AD200025C4A8 /* TableViewController.h */ = {isa = PBXFileReference; lastKnownFileType = sourcecode.c.h; path = TableViewController.h; sourceTree = "<group>"; };
		2281510824B5AD200025C4A8 /* TableViewController.m */ = {isa = PBXFileReference; lastKnownFileType = sourcecode.c.objc; path = TableViewController.m; sourceTree = "<group>"; };
		2281510A24B5AD370025C4A8 /* SearchViewController.h */ = {isa = PBXFileReference; lastKnownFileType = sourcecode.c.h; path = SearchViewController.h; sourceTree = "<group>"; };
		2281510B24B5AD370025C4A8 /* SearchViewController.m */ = {isa = PBXFileReference; lastKnownFileType = sourcecode.c.objc; path = SearchViewController.m; sourceTree = "<group>"; };
		2281511024B5B1070025C4A8 /* colors.json */ = {isa = PBXFileReference; fileEncoding = 4; lastKnownFileType = text.json; path = colors.json; sourceTree = "<group>"; };
		2281511224B5B1210025C4A8 /* Color.h */ = {isa = PBXFileReference; lastKnownFileType = sourcecode.c.h; path = Color.h; sourceTree = "<group>"; };
		2281511324B5B1210025C4A8 /* Color.m */ = {isa = PBXFileReference; lastKnownFileType = sourcecode.c.objc; path = Color.m; sourceTree = "<group>"; };
		2281511524B5B2140025C4A8 /* UIColor+Hex.h */ = {isa = PBXFileReference; lastKnownFileType = sourcecode.c.h; path = "UIColor+Hex.h"; sourceTree = "<group>"; };
		2281511624B5B2140025C4A8 /* UIColor+Hex.m */ = {isa = PBXFileReference; lastKnownFileType = sourcecode.c.objc; path = "UIColor+Hex.m"; sourceTree = "<group>"; };
		2281511824B5B5140025C4A8 /* Palette.h */ = {isa = PBXFileReference; lastKnownFileType = sourcecode.c.h; path = Palette.h; sourceTree = "<group>"; };
		2281511924B5B5140025C4A8 /* Palette.m */ = {isa = PBXFileReference; lastKnownFileType = sourcecode.c.objc; path = Palette.m; sourceTree = "<group>"; };
		2281511C24B5E72D0025C4A8 /* UIScrollView+EmptyDataSet.m */ = {isa = PBXFileReference; fileEncoding = 4; lastKnownFileType = sourcecode.c.objc; path = "UIScrollView+EmptyDataSet.m"; sourceTree = "<group>"; };
		2281511D24B5E72D0025C4A8 /* UIScrollView+EmptyDataSet.h */ = {isa = PBXFileReference; fileEncoding = 4; lastKnownFileType = sourcecode.c.h; path = "UIScrollView+EmptyDataSet.h"; sourceTree = "<group>"; };
/* End PBXFileReference section */

/* Begin PBXFrameworksBuildPhase section */
		228150E224B5A9940025C4A8 /* Frameworks */ = {
			isa = PBXFrameworksBuildPhase;
			buildActionMask = 2147483647;
			files = (
			);
			runOnlyForDeploymentPostprocessing = 0;
		};
/* End PBXFrameworksBuildPhase section */

/* Begin PBXGroup section */
		228150DC24B5A9940025C4A8 = {
			isa = PBXGroup;
			children = (
				228150E724B5A9940025C4A8 /* Colors */,
				228150E624B5A9940025C4A8 /* Products */,
			);
			sourceTree = "<group>";
		};
		228150E624B5A9940025C4A8 /* Products */ = {
			isa = PBXGroup;
			children = (
				228150E524B5A9940025C4A8 /* Colors.app */,
			);
			name = Products;
			sourceTree = "<group>";
		};
		228150E724B5A9940025C4A8 /* Colors */ = {
			isa = PBXGroup;
			children = (
				2281510D24B5AD410025C4A8 /* AppDelegate */,
				2281510E24B5AD4C0025C4A8 /* Controller */,
				2281510F24B5B0F20025C4A8 /* DataSource */,
				2281511B24B5E72D0025C4A8 /* DZNEmptyDataSet */,
				228150F424B5A9940025C4A8 /* Main.storyboard */,
				228150F724B5A9970025C4A8 /* Assets.xcassets */,
				228150F924B5A9970025C4A8 /* LaunchScreen.storyboard */,
				228150FC24B5A9970025C4A8 /* Info.plist */,
				228150FD24B5A9970025C4A8 /* main.m */,
			);
			path = Colors;
			sourceTree = "<group>";
		};
		2281510D24B5AD410025C4A8 /* AppDelegate */ = {
			isa = PBXGroup;
			children = (
				228150E824B5A9940025C4A8 /* AppDelegate.h */,
				228150E924B5A9940025C4A8 /* AppDelegate.m */,
				228150EB24B5A9940025C4A8 /* SceneDelegate.h */,
				228150EC24B5A9940025C4A8 /* SceneDelegate.m */,
			);
			path = AppDelegate;
			sourceTree = "<group>";
		};
		2281510E24B5AD4C0025C4A8 /* Controller */ = {
			isa = PBXGroup;
			children = (
				2281510424B5AD100025C4A8 /* CollectionViewController.h */,
				2281510524B5AD100025C4A8 /* CollectionViewController.m */,
				2281510724B5AD200025C4A8 /* TableViewController.h */,
				2281510824B5AD200025C4A8 /* TableViewController.m */,
				2281510A24B5AD370025C4A8 /* SearchViewController.h */,
				2281510B24B5AD370025C4A8 /* SearchViewController.m */,
			);
			path = Controller;
			sourceTree = "<group>";
		};
		2281510F24B5B0F20025C4A8 /* DataSource */ = {
			isa = PBXGroup;
			children = (
				2281511024B5B1070025C4A8 /* colors.json */,
				2281511224B5B1210025C4A8 /* Color.h */,
				2281511324B5B1210025C4A8 /* Color.m */,
				2281511524B5B2140025C4A8 /* UIColor+Hex.h */,
				2281511624B5B2140025C4A8 /* UIColor+Hex.m */,
				2281511824B5B5140025C4A8 /* Palette.h */,
				2281511924B5B5140025C4A8 /* Palette.m */,
			);
			path = DataSource;
			sourceTree = "<group>";
		};
		2281511B24B5E72D0025C4A8 /* DZNEmptyDataSet */ = {
			isa = PBXGroup;
			children = (
				2281511D24B5E72D0025C4A8 /* UIScrollView+EmptyDataSet.h */,
				2281511C24B5E72D0025C4A8 /* UIScrollView+EmptyDataSet.m */,
			);
			path = DZNEmptyDataSet;
			sourceTree = "<group>";
		};
/* End PBXGroup section */

/* Begin PBXNativeTarget section */
		228150E424B5A9940025C4A8 /* Colors */ = {
			isa = PBXNativeTarget;
			buildConfigurationList = 2281510124B5A9970025C4A8 /* Build configuration list for PBXNativeTarget "Colors" */;
			buildPhases = (
				228150E124B5A9940025C4A8 /* Sources */,
				228150E224B5A9940025C4A8 /* Frameworks */,
				228150E324B5A9940025C4A8 /* Resources */,
			);
			buildRules = (
			);
			dependencies = (
			);
			name = Colors;
			productName = Colors;
			productReference = 228150E524B5A9940025C4A8 /* Colors.app */;
			productType = "com.apple.product-type.application";
		};
/* End PBXNativeTarget section */

/* Begin PBXProject section */
		228150DD24B5A9940025C4A8 /* Project object */ = {
			isa = PBXProject;
			attributes = {
				LastUpgradeCheck = 1150;
				ORGANIZATIONNAME = "Shanghai Haidian Information Technology Co.Ltd.";
				TargetAttributes = {
					228150E424B5A9940025C4A8 = {
						CreatedOnToolsVersion = 11.5;
					};
				};
			};
			buildConfigurationList = 228150E024B5A9940025C4A8 /* Build configuration list for PBXProject "Colors" */;
			compatibilityVersion = "Xcode 9.3";
			developmentRegion = en;
			hasScannedForEncodings = 0;
			knownRegions = (
				en,
				Base,
			);
			mainGroup = 228150DC24B5A9940025C4A8;
			productRefGroup = 228150E624B5A9940025C4A8 /* Products */;
			projectDirPath = "";
			projectRoot = "";
			targets = (
				228150E424B5A9940025C4A8 /* Colors */,
			);
		};
/* End PBXProject section */

/* Begin PBXResourcesBuildPhase section */
		228150E324B5A9940025C4A8 /* Resources */ = {
			isa = PBXResourcesBuildPhase;
			buildActionMask = 2147483647;
			files = (
				228150FB24B5A9970025C4A8 /* LaunchScreen.storyboard in Resources */,
				2281511124B5B1070025C4A8 /* colors.json in Resources */,
				228150F824B5A9970025C4A8 /* Assets.xcassets in Resources */,
				228150F624B5A9940025C4A8 /* Main.storyboard in Resources */,
			);
			runOnlyForDeploymentPostprocessing = 0;
		};
/* End PBXResourcesBuildPhase section */

/* Begin PBXSourcesBuildPhase section */
		228150E124B5A9940025C4A8 /* Sources */ = {
			isa = PBXSourcesBuildPhase;
			buildActionMask = 2147483647;
			files = (
				2281510624B5AD100025C4A8 /* CollectionViewController.m in Sources */,
				2281511424B5B1210025C4A8 /* Color.m in Sources */,
				228150FE24B5A9970025C4A8 /* main.m in Sources */,
				2281511A24B5B5140025C4A8 /* Palette.m in Sources */,
				2281511E24B5E72D0025C4A8 /* UIScrollView+EmptyDataSet.m in Sources */,
				228150EA24B5A9940025C4A8 /* AppDelegate.m in Sources */,
				2281510924B5AD200025C4A8 /* TableViewController.m in Sources */,
				2281511724B5B2140025C4A8 /* UIColor+Hex.m in Sources */,
				2281510C24B5AD370025C4A8 /* SearchViewController.m in Sources */,
				228150ED24B5A9940025C4A8 /* SceneDelegate.m in Sources */,
			);
			runOnlyForDeploymentPostprocessing = 0;
		};
/* End PBXSourcesBuildPhase section */

/* Begin PBXVariantGroup section */
		228150F424B5A9940025C4A8 /* Main.storyboard */ = {
			isa = PBXVariantGroup;
			children = (
				228150F524B5A9940025C4A8 /* Base */,
			);
			name = Main.storyboard;
			sourceTree = "<group>";
		};
		228150F924B5A9970025C4A8 /* LaunchScreen.storyboard */ = {
			isa = PBXVariantGroup;
			children = (
				228150FA24B5A9970025C4A8 /* Base */,
			);
			name = LaunchScreen.storyboard;
			sourceTree = "<group>";
		};
/* End PBXVariantGroup section */

/* Begin XCBuildConfiguration section */
		228150FF24B5A9970025C4A8 /* Debug */ = {
			isa = XCBuildConfiguration;
			buildSettings = {
				ALWAYS_SEARCH_USER_PATHS = NO;
				CLANG_ANALYZER_NONNULL = YES;
				CLANG_ANALYZER_NUMBER_OBJECT_CONVERSION = YES_AGGRESSIVE;
				CLANG_CXX_LANGUAGE_STANDARD = "gnu++14";
				CLANG_CXX_LIBRARY = "libc++";
				CLANG_ENABLE_MODULES = YES;
				CLANG_ENABLE_OBJC_ARC = YES;
				CLANG_ENABLE_OBJC_WEAK = YES;
				CLANG_WARN_BLOCK_CAPTURE_AUTORELEASING = YES;
				CLANG_WARN_BOOL_CONVERSION = YES;
				CLANG_WARN_COMMA = YES;
				CLANG_WARN_CONSTANT_CONVERSION = YES;
				CLANG_WARN_DEPRECATED_OBJC_IMPLEMENTATIONS = YES;
				CLANG_WARN_DIRECT_OBJC_ISA_USAGE = YES_ERROR;
				CLANG_WARN_DOCUMENTATION_COMMENTS = YES;
				CLANG_WARN_EMPTY_BODY = YES;
				CLANG_WARN_ENUM_CONVERSION = YES;
				CLANG_WARN_INFINITE_RECURSION = YES;
				CLANG_WARN_INT_CONVERSION = YES;
				CLANG_WARN_NON_LITERAL_NULL_CONVERSION = YES;
				CLANG_WARN_OBJC_IMPLICIT_RETAIN_SELF = YES;
				CLANG_WARN_OBJC_LITERAL_CONVERSION = YES;
				CLANG_WARN_OBJC_ROOT_CLASS = YES_ERROR;
				CLANG_WARN_RANGE_LOOP_ANALYSIS = YES;
				CLANG_WARN_STRICT_PROTOTYPES = YES;
				CLANG_WARN_SUSPICIOUS_MOVE = YES;
				CLANG_WARN_UNGUARDED_AVAILABILITY = YES_AGGRESSIVE;
				CLANG_WARN_UNREACHABLE_CODE = YES;
				CLANG_WARN__DUPLICATE_METHOD_MATCH = YES;
				COPY_PHASE_STRIP = NO;
				DEBUG_INFORMATION_FORMAT = dwarf;
				ENABLE_STRICT_OBJC_MSGSEND = YES;
				ENABLE_TESTABILITY = YES;
				GCC_C_LANGUAGE_STANDARD = gnu11;
				GCC_DYNAMIC_NO_PIC = NO;
				GCC_NO_COMMON_BLOCKS = YES;
				GCC_OPTIMIZATION_LEVEL = 0;
				GCC_PREPROCESSOR_DEFINITIONS = (
					"DEBUG=1",
					"$(inherited)",
				);
				GCC_WARN_64_TO_32_BIT_CONVERSION = YES;
				GCC_WARN_ABOUT_RETURN_TYPE = YES_ERROR;
				GCC_WARN_UNDECLARED_SELECTOR = YES;
				GCC_WARN_UNINITIALIZED_AUTOS = YES_AGGRESSIVE;
				GCC_WARN_UNUSED_FUNCTION = YES;
				GCC_WARN_UNUSED_VARIABLE = YES;
				IPHONEOS_DEPLOYMENT_TARGET = 13.5;
				MTL_ENABLE_DEBUG_INFO = INCLUDE_SOURCE;
				MTL_FAST_MATH = YES;
				ONLY_ACTIVE_ARCH = YES;
				SDKROOT = iphoneos;
			};
			name = Debug;
		};
		2281510024B5A9970025C4A8 /* Release */ = {
			isa = XCBuildConfiguration;
			buildSettings = {
				ALWAYS_SEARCH_USER_PATHS = NO;
				CLANG_ANALYZER_NONNULL = YES;
				CLANG_ANALYZER_NUMBER_OBJECT_CONVERSION = YES_AGGRESSIVE;
				CLANG_CXX_LANGUAGE_STANDARD = "gnu++14";
				CLANG_CXX_LIBRARY = "libc++";
				CLANG_ENABLE_MODULES = YES;
				CLANG_ENABLE_OBJC_ARC = YES;
				CLANG_ENABLE_OBJC_WEAK = YES;
				CLANG_WARN_BLOCK_CAPTURE_AUTORELEASING = YES;
				CLANG_WARN_BOOL_CONVERSION = YES;
				CLANG_WARN_COMMA = YES;
				CLANG_WARN_CONSTANT_CONVERSION = YES;
				CLANG_WARN_DEPRECATED_OBJC_IMPLEMENTATIONS = YES;
				CLANG_WARN_DIRECT_OBJC_ISA_USAGE = YES_ERROR;
				CLANG_WARN_DOCUMENTATION_COMMENTS = YES;
				CLANG_WARN_EMPTY_BODY = YES;
				CLANG_WARN_ENUM_CONVERSION = YES;
				CLANG_WARN_INFINITE_RECURSION = YES;
				CLANG_WARN_INT_CONVERSION = YES;
				CLANG_WARN_NON_LITERAL_NULL_CONVERSION = YES;
				CLANG_WARN_OBJC_IMPLICIT_RETAIN_SELF = YES;
				CLANG_WARN_OBJC_LITERAL_CONVERSION = YES;
				CLANG_WARN_OBJC_ROOT_CLASS = YES_ERROR;
				CLANG_WARN_RANGE_LOOP_ANALYSIS = YES;
				CLANG_WARN_STRICT_PROTOTYPES = YES;
				CLANG_WARN_SUSPICIOUS_MOVE = YES;
				CLANG_WARN_UNGUARDED_AVAILABILITY = YES_AGGRESSIVE;
				CLANG_WARN_UNREACHABLE_CODE = YES;
				CLANG_WARN__DUPLICATE_METHOD_MATCH = YES;
				COPY_PHASE_STRIP = NO;
				DEBUG_INFORMATION_FORMAT = "dwarf-with-dsym";
				ENABLE_NS_ASSERTIONS = NO;
				ENABLE_STRICT_OBJC_MSGSEND = YES;
				GCC_C_LANGUAGE_STANDARD = gnu11;
				GCC_NO_COMMON_BLOCKS = YES;
				GCC_WARN_64_TO_32_BIT_CONVERSION = YES;
				GCC_WARN_ABOUT_RETURN_TYPE = YES_ERROR;
				GCC_WARN_UNDECLARED_SELECTOR = YES;
				GCC_WARN_UNINITIALIZED_AUTOS = YES_AGGRESSIVE;
				GCC_WARN_UNUSED_FUNCTION = YES;
				GCC_WARN_UNUSED_VARIABLE = YES;
				IPHONEOS_DEPLOYMENT_TARGET = 13.5;
				MTL_ENABLE_DEBUG_INFO = NO;
				MTL_FAST_MATH = YES;
				SDKROOT = iphoneos;
				VALIDATE_PRODUCT = YES;
			};
			name = Release;
		};
		2281510224B5A9970025C4A8 /* Debug */ = {
			isa = XCBuildConfiguration;
			buildSettings = {
				ASSETCATALOG_COMPILER_APPICON_NAME = AppIcon;
				CODE_SIGN_STYLE = Automatic;
				DEVELOPMENT_TEAM = A8F7U6DN75;
				INFOPLIST_FILE = Colors/Info.plist;
				IPHONEOS_DEPLOYMENT_TARGET = 10.0;
				LD_RUNPATH_SEARCH_PATHS = (
					"$(inherited)",
					"@executable_path/Frameworks",
				);
				PRODUCT_BUNDLE_IDENTIFIER = Haidian.Colors;
				PRODUCT_NAME = "$(TARGET_NAME)";
				TARGETED_DEVICE_FAMILY = 1;
			};
			name = Debug;
		};
		2281510324B5A9970025C4A8 /* Release */ = {
			isa = XCBuildConfiguration;
			buildSettings = {
				ASSETCATALOG_COMPILER_APPICON_NAME = AppIcon;
				CODE_SIGN_STYLE = Automatic;
				DEVELOPMENT_TEAM = A8F7U6DN75;
				INFOPLIST_FILE = Colors/Info.plist;
				IPHONEOS_DEPLOYMENT_TARGET = 10.0;
				LD_RUNPATH_SEARCH_PATHS = (
					"$(inherited)",
					"@executable_path/Frameworks",
				);
				PRODUCT_BUNDLE_IDENTIFIER = Haidian.Colors;
				PRODUCT_NAME = "$(TARGET_NAME)";
				TARGETED_DEVICE_FAMILY = 1;
			};
			name = Release;
		};
/* End XCBuildConfiguration section */

/* Begin XCConfigurationList section */
		228150E024B5A9940025C4A8 /* Build configuration list for PBXProject "Colors" */ = {
			isa = XCConfigurationList;
			buildConfigurations = (
				228150FF24B5A9970025C4A8 /* Debug */,
				2281510024B5A9970025C4A8 /* Release */,
			);
			defaultConfigurationIsVisible = 0;
			defaultConfigurationName = Release;
		};
		2281510124B5A9970025C4A8 /* Build configuration list for PBXNativeTarget "Colors" */ = {
			isa = XCConfigurationList;
			buildConfigurations = (
				2281510224B5A9970025C4A8 /* Debug */,
				2281510324B5A9970025C4A8 /* Release */,
			);
			defaultConfigurationIsVisible = 0;
			defaultConfigurationName = Release;
		};
/* End XCConfigurationList section */
	};
	rootObject = 228150DD24B5A9940025C4A8 /* Project object */;
}
