// !$*UTF8*$!
{
	archiveVersion = 1;
	classes = {
	};
	objectVersion = 50;
	objects = {

/* Begin PBXBuildFile section */
		225A25AD24FE6B2C00E61417 /* AppDelegate.m in Sources */ = {isa = PBXBuildFile; fileRef = 225A25AC24FE6B2C00E61417 /* AppDelegate.m */; };
		225A25B824FE6B2D00E61417 /* Assets.xcassets in Resources */ = {isa = PBXBuildFile; fileRef = 225A25B724FE6B2D00E61417 /* Assets.xcassets */; };
		225A25BB24FE6B2D00E61417 /* LaunchScreen.storyboard in Resources */ = {isa = PBXBuildFile; fileRef = 225A25B924FE6B2D00E61417 /* LaunchScreen.storyboard */; };
		225A25BE24FE6B2D00E61417 /* main.m in Sources */ = {isa = PBXBuildFile; fileRef = 225A25BD24FE6B2D00E61417 /* main.m */; };
		225A25CB24FE6C4000E61417 /* HQLFloatingTabBarManager.m in Sources */ = {isa = PBXBuildFile; fileRef = 225A25C724FE6C4000E61417 /* HQLFloatingTabBarManager.m */; };
		225A25CC24FE6C4000E61417 /* HQLFloatingTabBar.m in Sources */ = {isa = PBXBuildFile; fileRef = 225A25C824FE6C4000E61417 /* HQLFloatingTabBar.m */; };
		225A25CD24FE6C4000E61417 /* HQLFloatingButton.m in Sources */ = {isa = PBXBuildFile; fileRef = 225A25C924FE6C4000E61417 /* HQLFloatingButton.m */; };
		225A25D424FE6CB200E61417 /* MainViewController.m in Sources */ = {isa = PBXBuildFile; fileRef = 225A25D124FE6CB200E61417 /* MainViewController.m */; };
		225A25D524FE6CB200E61417 /* SecondViewController.m in Sources */ = {isa = PBXBuildFile; fileRef = 225A25D224FE6CB200E61417 /* SecondViewController.m */; };
		225A25E024FE6CC500E61417 /* HQLCategoryBaseViewController.m in Sources */ = {isa = PBXBuildFile; fileRef = 225A25DA24FE6CC500E61417 /* HQLCategoryBaseViewController.m */; };
		225A25E124FE6CC500E61417 /* HQLBaseNavigationController.m in Sources */ = {isa = PBXBuildFile; fileRef = 225A25DB24FE6CC500E61417 /* HQLBaseNavigationController.m */; };
		225A25E224FE6CC500E61417 /* HQLBaseViewController.m in Sources */ = {isa = PBXBuildFile; fileRef = 225A25DD24FE6CC500E61417 /* HQLBaseViewController.m */; };
		225A25E524FE6F1700E61417 /* HQLCoordinatorViewController.m in Sources */ = {isa = PBXBuildFile; fileRef = 225A25E424FE6F1700E61417 /* HQLCoordinatorViewController.m */; };
		225A25E824FE716E00E61417 /* HQLCoordinatorViewController+EAIntroView.m in Sources */ = {isa = PBXBuildFile; fileRef = 225A25E724FE716E00E61417 /* HQLCoordinatorViewController+EAIntroView.m */; };
		225A25EA24FF2ECB00E61417 /* yoona.jpg in Resources */ = {isa = PBXBuildFile; fileRef = 225A25E924FF2ECB00E61417 /* yoona.jpg */; };
		9A52E88B39FA9CDE87A53F97 /* libPods-FloatingTabBarDemo_V2.a in Frameworks */ = {isa = PBXBuildFile; fileRef = 263078A5DF90100992BA561E /* libPods-FloatingTabBarDemo_V2.a */; };
/* End PBXBuildFile section */

/* Begin PBXFileReference section */
		225A25A824FE6B2C00E61417 /* FloatingTabBarDemo_V2.app */ = {isa = PBXFileReference; explicitFileType = wrapper.application; includeInIndex = 0; path = FloatingTabBarDemo_V2.app; sourceTree = BUILT_PRODUCTS_DIR; };
		225A25AB24FE6B2C00E61417 /* AppDelegate.h */ = {isa = PBXFileReference; lastKnownFileType = sourcecode.c.h; path = AppDelegate.h; sourceTree = "<group>"; };
		225A25AC24FE6B2C00E61417 /* AppDelegate.m */ = {isa = PBXFileReference; lastKnownFileType = sourcecode.c.objc; path = AppDelegate.m; sourceTree = "<group>"; };
		225A25B724FE6B2D00E61417 /* Assets.xcassets */ = {isa = PBXFileReference; lastKnownFileType = folder.assetcatalog; path = Assets.xcassets; sourceTree = "<group>"; };
		225A25BA24FE6B2D00E61417 /* Base */ = {isa = PBXFileReference; lastKnownFileType = file.storyboard; name = Base; path = Base.lproj/LaunchScreen.storyboard; sourceTree = "<group>"; };
		225A25BC24FE6B2D00E61417 /* Info.plist */ = {isa = PBXFileReference; lastKnownFileType = text.plist.xml; path = Info.plist; sourceTree = "<group>"; };
		225A25BD24FE6B2D00E61417 /* main.m */ = {isa = PBXFileReference; lastKnownFileType = sourcecode.c.objc; path = main.m; sourceTree = "<group>"; };
		225A25C524FE6C4000E61417 /* HQLFloatingButton.h */ = {isa = PBXFileReference; fileEncoding = 4; lastKnownFileType = sourcecode.c.h; path = HQLFloatingButton.h; sourceTree = "<group>"; };
		225A25C624FE6C4000E61417 /* HQLFloatingTabBar.h */ = {isa = PBXFileReference; fileEncoding = 4; lastKnownFileType = sourcecode.c.h; path = HQLFloatingTabBar.h; sourceTree = "<group>"; };
		225A25C724FE6C4000E61417 /* HQLFloatingTabBarManager.m */ = {isa = PBXFileReference; fileEncoding = 4; lastKnownFileType = sourcecode.c.objc; path = HQLFloatingTabBarManager.m; sourceTree = "<group>"; };
		225A25C824FE6C4000E61417 /* HQLFloatingTabBar.m */ = {isa = PBXFileReference; fileEncoding = 4; lastKnownFileType = sourcecode.c.objc; path = HQLFloatingTabBar.m; sourceTree = "<group>"; };
		225A25C924FE6C4000E61417 /* HQLFloatingButton.m */ = {isa = PBXFileReference; fileEncoding = 4; lastKnownFileType = sourcecode.c.objc; path = HQLFloatingButton.m; sourceTree = "<group>"; };
		225A25CA24FE6C4000E61417 /* HQLFloatingTabBarManager.h */ = {isa = PBXFileReference; fileEncoding = 4; lastKnownFileType = sourcecode.c.h; path = HQLFloatingTabBarManager.h; sourceTree = "<group>"; };
		225A25D024FE6CB200E61417 /* SecondViewController.h */ = {isa = PBXFileReference; fileEncoding = 4; lastKnownFileType = sourcecode.c.h; path = SecondViewController.h; sourceTree = "<group>"; };
		225A25D124FE6CB200E61417 /* MainViewController.m */ = {isa = PBXFileReference; fileEncoding = 4; lastKnownFileType = sourcecode.c.objc; path = MainViewController.m; sourceTree = "<group>"; };
		225A25D224FE6CB200E61417 /* SecondViewController.m */ = {isa = PBXFileReference; fileEncoding = 4; lastKnownFileType = sourcecode.c.objc; path = SecondViewController.m; sourceTree = "<group>"; };
		225A25D324FE6CB200E61417 /* MainViewController.h */ = {isa = PBXFileReference; fileEncoding = 4; lastKnownFileType = sourcecode.c.h; path = MainViewController.h; sourceTree = "<group>"; };
		225A25D724FE6CC500E61417 /* HQLBaseNavigationController.h */ = {isa = PBXFileReference; fileEncoding = 4; lastKnownFileType = sourcecode.c.h; path = HQLBaseNavigationController.h; sourceTree = "<group>"; };
		225A25D924FE6CC500E61417 /* HQLBaseViewController.h */ = {isa = PBXFileReference; fileEncoding = 4; lastKnownFileType = sourcecode.c.h; path = HQLBaseViewController.h; sourceTree = "<group>"; };
		225A25DA24FE6CC500E61417 /* HQLCategoryBaseViewController.m */ = {isa = PBXFileReference; fileEncoding = 4; lastKnownFileType = sourcecode.c.objc; path = HQLCategoryBaseViewController.m; sourceTree = "<group>"; };
		225A25DB24FE6CC500E61417 /* HQLBaseNavigationController.m */ = {isa = PBXFileReference; fileEncoding = 4; lastKnownFileType = sourcecode.c.objc; path = HQLBaseNavigationController.m; sourceTree = "<group>"; };
		225A25DD24FE6CC500E61417 /* HQLBaseViewController.m */ = {isa = PBXFileReference; fileEncoding = 4; lastKnownFileType = sourcecode.c.objc; path = HQLBaseViewController.m; sourceTree = "<group>"; };
		225A25DE24FE6CC500E61417 /* HQLCategoryBaseViewController.h */ = {isa = PBXFileReference; fileEncoding = 4; lastKnownFileType = sourcecode.c.h; path = HQLCategoryBaseViewController.h; sourceTree = "<group>"; };
		225A25E324FE6F1700E61417 /* HQLCoordinatorViewController.h */ = {isa = PBXFileReference; lastKnownFileType = sourcecode.c.h; path = HQLCoordinatorViewController.h; sourceTree = "<group>"; };
		225A25E424FE6F1700E61417 /* HQLCoordinatorViewController.m */ = {isa = PBXFileReference; lastKnownFileType = sourcecode.c.objc; path = HQLCoordinatorViewController.m; sourceTree = "<group>"; };
		225A25E624FE716E00E61417 /* HQLCoordinatorViewController+EAIntroView.h */ = {isa = PBXFileReference; lastKnownFileType = sourcecode.c.h; path = "HQLCoordinatorViewController+EAIntroView.h"; sourceTree = "<group>"; };
		225A25E724FE716E00E61417 /* HQLCoordinatorViewController+EAIntroView.m */ = {isa = PBXFileReference; lastKnownFileType = sourcecode.c.objc; path = "HQLCoordinatorViewController+EAIntroView.m"; sourceTree = "<group>"; };
		225A25E924FF2ECB00E61417 /* yoona.jpg */ = {isa = PBXFileReference; lastKnownFileType = image.jpeg; path = yoona.jpg; sourceTree = "<group>"; };
		263078A5DF90100992BA561E /* libPods-FloatingTabBarDemo_V2.a */ = {isa = PBXFileReference; explicitFileType = archive.ar; includeInIndex = 0; path = "libPods-FloatingTabBarDemo_V2.a"; sourceTree = BUILT_PRODUCTS_DIR; };
		28C61B813D3DBBDAB844C559 /* Pods-FloatingTabBarDemo_V2.release.xcconfig */ = {isa = PBXFileReference; includeInIndex = 1; lastKnownFileType = text.xcconfig; name = "Pods-FloatingTabBarDemo_V2.release.xcconfig"; path = "Target Support Files/Pods-FloatingTabBarDemo_V2/Pods-FloatingTabBarDemo_V2.release.xcconfig"; sourceTree = "<group>"; };
		6CB7BA65248B61F916B978FC /* Pods-FloatingTabBarDemo_V2.debug.xcconfig */ = {isa = PBXFileReference; includeInIndex = 1; lastKnownFileType = text.xcconfig; name = "Pods-FloatingTabBarDemo_V2.debug.xcconfig"; path = "Target Support Files/Pods-FloatingTabBarDemo_V2/Pods-FloatingTabBarDemo_V2.debug.xcconfig"; sourceTree = "<group>"; };
/* End PBXFileReference section */

/* Begin PBXFrameworksBuildPhase section */
		225A25A524FE6B2C00E61417 /* Frameworks */ = {
			isa = PBXFrameworksBuildPhase;
			buildActionMask = 2147483647;
			files = (
				9A52E88B39FA9CDE87A53F97 /* libPods-FloatingTabBarDemo_V2.a in Frameworks */,
			);
			runOnlyForDeploymentPostprocessing = 0;
		};
/* End PBXFrameworksBuildPhase section */

/* Begin PBXGroup section */
		225A259F24FE6B2C00E61417 = {
			isa = PBXGroup;
			children = (
				225A25AA24FE6B2C00E61417 /* FloatingTabBarDemo_V2 */,
				225A25A924FE6B2C00E61417 /* Products */,
				FB7D3CE80B77FF6B6A02DF06 /* Pods */,
				80869C11137711923944F9DD /* Frameworks */,
			);
			sourceTree = "<group>";
		};
		225A25A924FE6B2C00E61417 /* Products */ = {
			isa = PBXGroup;
			children = (
				225A25A824FE6B2C00E61417 /* FloatingTabBarDemo_V2.app */,
			);
			name = Products;
			sourceTree = "<group>";
		};
		225A25AA24FE6B2C00E61417 /* FloatingTabBarDemo_V2 */ = {
			isa = PBXGroup;
			children = (
				225A25CE24FE6C6100E61417 /* AppDelegate */,
				225A25C424FE6C4000E61417 /* FloatingTabBarManager */,
				225A25D624FE6CC500E61417 /* Base */,
				225A25CF24FE6CB200E61417 /* Modules */,
				225A25B724FE6B2D00E61417 /* Assets.xcassets */,
				225A25E924FF2ECB00E61417 /* yoona.jpg */,
				225A25B924FE6B2D00E61417 /* LaunchScreen.storyboard */,
				225A25BC24FE6B2D00E61417 /* Info.plist */,
				225A25BD24FE6B2D00E61417 /* main.m */,
			);
			path = FloatingTabBarDemo_V2;
			sourceTree = "<group>";
		};
		225A25C424FE6C4000E61417 /* FloatingTabBarManager */ = {
			isa = PBXGroup;
			children = (
				225A25C524FE6C4000E61417 /* HQLFloatingButton.h */,
				225A25C924FE6C4000E61417 /* HQLFloatingButton.m */,
				225A25C624FE6C4000E61417 /* HQLFloatingTabBar.h */,
				225A25C824FE6C4000E61417 /* HQLFloatingTabBar.m */,
				225A25CA24FE6C4000E61417 /* HQLFloatingTabBarManager.h */,
				225A25C724FE6C4000E61417 /* HQLFloatingTabBarManager.m */,
			);
			path = FloatingTabBarManager;
			sourceTree = "<group>";
		};
		225A25CE24FE6C6100E61417 /* AppDelegate */ = {
			isa = PBXGroup;
			children = (
				225A25AB24FE6B2C00E61417 /* AppDelegate.h */,
				225A25AC24FE6B2C00E61417 /* AppDelegate.m */,
			);
			path = AppDelegate;
			sourceTree = "<group>";
		};
		225A25CF24FE6CB200E61417 /* Modules */ = {
			isa = PBXGroup;
			children = (
				225A25D324FE6CB200E61417 /* MainViewController.h */,
				225A25D124FE6CB200E61417 /* MainViewController.m */,
				225A25D024FE6CB200E61417 /* SecondViewController.h */,
				225A25D224FE6CB200E61417 /* SecondViewController.m */,
			);
			path = Modules;
			sourceTree = "<group>";
		};
		225A25D624FE6CC500E61417 /* Base */ = {
			isa = PBXGroup;
			children = (
				225A25D724FE6CC500E61417 /* HQLBaseNavigationController.h */,
				225A25DB24FE6CC500E61417 /* HQLBaseNavigationController.m */,
				225A25D924FE6CC500E61417 /* HQLBaseViewController.h */,
				225A25DD24FE6CC500E61417 /* HQLBaseViewController.m */,
				225A25DE24FE6CC500E61417 /* HQLCategoryBaseViewController.h */,
				225A25DA24FE6CC500E61417 /* HQLCategoryBaseViewController.m */,
				225A25E324FE6F1700E61417 /* HQLCoordinatorViewController.h */,
				225A25E424FE6F1700E61417 /* HQLCoordinatorViewController.m */,
				225A25E624FE716E00E61417 /* HQLCoordinatorViewController+EAIntroView.h */,
				225A25E724FE716E00E61417 /* HQLCoordinatorViewController+EAIntroView.m */,
			);
			path = Base;
			sourceTree = "<group>";
		};
		80869C11137711923944F9DD /* Frameworks */ = {
			isa = PBXGroup;
			children = (
				263078A5DF90100992BA561E /* libPods-FloatingTabBarDemo_V2.a */,
			);
			name = Frameworks;
			sourceTree = "<group>";
		};
		FB7D3CE80B77FF6B6A02DF06 /* Pods */ = {
			isa = PBXGroup;
			children = (
				6CB7BA65248B61F916B978FC /* Pods-FloatingTabBarDemo_V2.debug.xcconfig */,
				28C61B813D3DBBDAB844C559 /* Pods-FloatingTabBarDemo_V2.release.xcconfig */,
			);
			path = Pods;
			sourceTree = "<group>";
		};
/* End PBXGroup section */

/* Begin PBXNativeTarget section */
		225A25A724FE6B2C00E61417 /* FloatingTabBarDemo_V2 */ = {
			isa = PBXNativeTarget;
			buildConfigurationList = 225A25C124FE6B2D00E61417 /* Build configuration list for PBXNativeTarget "FloatingTabBarDemo_V2" */;
			buildPhases = (
				0FB0107E078D3B9734E4B89A /* [CP] Check Pods Manifest.lock */,
				225A25A424FE6B2C00E61417 /* Sources */,
				225A25A524FE6B2C00E61417 /* Frameworks */,
				225A25A624FE6B2C00E61417 /* Resources */,
			);
			buildRules = (
			);
			dependencies = (
			);
			name = FloatingTabBarDemo_V2;
			productName = FloatingTabBarDemo_V2;
			productReference = 225A25A824FE6B2C00E61417 /* FloatingTabBarDemo_V2.app */;
			productType = "com.apple.product-type.application";
		};
/* End PBXNativeTarget section */

/* Begin PBXProject section */
		225A25A024FE6B2C00E61417 /* Project object */ = {
			isa = PBXProject;
			attributes = {
				LastUpgradeCheck = 1160;
				ORGANIZATIONNAME = "Shanghai Haidian Information Technology Co.Ltd.";
				TargetAttributes = {
					225A25A724FE6B2C00E61417 = {
						CreatedOnToolsVersion = 11.6;
					};
				};
			};
			buildConfigurationList = 225A25A324FE6B2C00E61417 /* Build configuration list for PBXProject "FloatingTabBarDemo_V2" */;
			compatibilityVersion = "Xcode 9.3";
			developmentRegion = en;
			hasScannedForEncodings = 0;
			knownRegions = (
				en,
				Base,
			);
			mainGroup = 225A259F24FE6B2C00E61417;
			productRefGroup = 225A25A924FE6B2C00E61417 /* Products */;
			projectDirPath = "";
			projectRoot = "";
			targets = (
				225A25A724FE6B2C00E61417 /* FloatingTabBarDemo_V2 */,
			);
		};
/* End PBXProject section */

/* Begin PBXResourcesBuildPhase section */
		225A25A624FE6B2C00E61417 /* Resources */ = {
			isa = PBXResourcesBuildPhase;
			buildActionMask = 2147483647;
			files = (
				225A25EA24FF2ECB00E61417 /* yoona.jpg in Resources */,
				225A25BB24FE6B2D00E61417 /* LaunchScreen.storyboard in Resources */,
				225A25B824FE6B2D00E61417 /* Assets.xcassets in Resources */,
			);
			runOnlyForDeploymentPostprocessing = 0;
		};
/* End PBXResourcesBuildPhase section */

/* Begin PBXShellScriptBuildPhase section */
		0FB0107E078D3B9734E4B89A /* [CP] Check Pods Manifest.lock */ = {
			isa = PBXShellScriptBuildPhase;
			buildActionMask = 2147483647;
			files = (
			);
			inputFileListPaths = (
			);
			inputPaths = (
				"${PODS_PODFILE_DIR_PATH}/Podfile.lock",
				"${PODS_ROOT}/Manifest.lock",
			);
			name = "[CP] Check Pods Manifest.lock";
			outputFileListPaths = (
			);
			outputPaths = (
				"$(DERIVED_FILE_DIR)/Pods-FloatingTabBarDemo_V2-checkManifestLockResult.txt",
			);
			runOnlyForDeploymentPostprocessing = 0;
			shellPath = /bin/sh;
			shellScript = "diff \"${PODS_PODFILE_DIR_PATH}/Podfile.lock\" \"${PODS_ROOT}/Manifest.lock\" > /dev/null\nif [ $? != 0 ] ; then\n    # print error to STDERR\n    echo \"error: The sandbox is not in sync with the Podfile.lock. Run 'pod install' or update your CocoaPods installation.\" >&2\n    exit 1\nfi\n# This output is used by Xcode 'outputs' to avoid re-running this script phase.\necho \"SUCCESS\" > \"${SCRIPT_OUTPUT_FILE_0}\"\n";
			showEnvVarsInLog = 0;
		};
/* End PBXShellScriptBuildPhase section */

/* Begin PBXSourcesBuildPhase section */
		225A25A424FE6B2C00E61417 /* Sources */ = {
			isa = PBXSourcesBuildPhase;
			buildActionMask = 2147483647;
			files = (
				225A25E024FE6CC500E61417 /* HQLCategoryBaseViewController.m in Sources */,
				225A25CB24FE6C4000E61417 /* HQLFloatingTabBarManager.m in Sources */,
				225A25D424FE6CB200E61417 /* MainViewController.m in Sources */,
				225A25CD24FE6C4000E61417 /* HQLFloatingButton.m in Sources */,
				225A25E224FE6CC500E61417 /* HQLBaseViewController.m in Sources */,
				225A25E824FE716E00E61417 /* HQLCoordinatorViewController+EAIntroView.m in Sources */,
				225A25E524FE6F1700E61417 /* HQLCoordinatorViewController.m in Sources */,
				225A25E124FE6CC500E61417 /* HQLBaseNavigationController.m in Sources */,
				225A25D524FE6CB200E61417 /* SecondViewController.m in Sources */,
				225A25AD24FE6B2C00E61417 /* AppDelegate.m in Sources */,
				225A25BE24FE6B2D00E61417 /* main.m in Sources */,
				225A25CC24FE6C4000E61417 /* HQLFloatingTabBar.m in Sources */,
			);
			runOnlyForDeploymentPostprocessing = 0;
		};
/* End PBXSourcesBuildPhase section */

/* Begin PBXVariantGroup section */
		225A25B924FE6B2D00E61417 /* LaunchScreen.storyboard */ = {
			isa = PBXVariantGroup;
			children = (
				225A25BA24FE6B2D00E61417 /* Base */,
			);
			name = LaunchScreen.storyboard;
			sourceTree = "<group>";
		};
/* End PBXVariantGroup section */

/* Begin XCBuildConfiguration section */
		225A25BF24FE6B2D00E61417 /* Debug */ = {
			isa = XCBuildConfiguration;
			buildSettings = {
				ALWAYS_SEARCH_USER_PATHS = NO;
				CLANG_ANALYZER_NONNULL = YES;
				CLANG_ANALYZER_NUMBER_OBJECT_CONVERSION = YES_AGGRESSIVE;
				CLANG_CXX_LANGUAGE_STANDARD = "gnu++14";
				CLANG_CXX_LIBRARY = "libc++";
				CLANG_ENABLE_MODULES = YES;
				CLANG_ENABLE_OBJC_ARC = YES;
				CLANG_ENABLE_OBJC_WEAK = YES;
				CLANG_WARN_BLOCK_CAPTURE_AUTORELEASING = YES;
				CLANG_WARN_BOOL_CONVERSION = YES;
				CLANG_WARN_COMMA = YES;
				CLANG_WARN_CONSTANT_CONVERSION = YES;
				CLANG_WARN_DEPRECATED_OBJC_IMPLEMENTATIONS = YES;
				CLANG_WARN_DIRECT_OBJC_ISA_USAGE = YES_ERROR;
				CLANG_WARN_DOCUMENTATION_COMMENTS = YES;
				CLANG_WARN_EMPTY_BODY = YES;
				CLANG_WARN_ENUM_CONVERSION = YES;
				CLANG_WARN_INFINITE_RECURSION = YES;
				CLANG_WARN_INT_CONVERSION = YES;
				CLANG_WARN_NON_LITERAL_NULL_CONVERSION = YES;
				CLANG_WARN_OBJC_IMPLICIT_RETAIN_SELF = YES;
				CLANG_WARN_OBJC_LITERAL_CONVERSION = YES;
				CLANG_WARN_OBJC_ROOT_CLASS = YES_ERROR;
				CLANG_WARN_RANGE_LOOP_ANALYSIS = YES;
				CLANG_WARN_STRICT_PROTOTYPES = YES;
				CLANG_WARN_SUSPICIOUS_MOVE = YES;
				CLANG_WARN_UNGUARDED_AVAILABILITY = YES_AGGRESSIVE;
				CLANG_WARN_UNREACHABLE_CODE = YES;
				CLANG_WARN__DUPLICATE_METHOD_MATCH = YES;
				COPY_PHASE_STRIP = NO;
				DEBUG_INFORMATION_FORMAT = dwarf;
				ENABLE_STRICT_OBJC_MSGSEND = YES;
				ENABLE_TESTABILITY = YES;
				GCC_C_LANGUAGE_STANDARD = gnu11;
				GCC_DYNAMIC_NO_PIC = NO;
				GCC_NO_COMMON_BLOCKS = YES;
				GCC_OPTIMIZATION_LEVEL = 0;
				GCC_PREPROCESSOR_DEFINITIONS = (
					"DEBUG=1",
					"$(inherited)",
				);
				GCC_WARN_64_TO_32_BIT_CONVERSION = YES;
				GCC_WARN_ABOUT_RETURN_TYPE = YES_ERROR;
				GCC_WARN_UNDECLARED_SELECTOR = YES;
				GCC_WARN_UNINITIALIZED_AUTOS = YES_AGGRESSIVE;
				GCC_WARN_UNUSED_FUNCTION = YES;
				GCC_WARN_UNUSED_VARIABLE = YES;
				IPHONEOS_DEPLOYMENT_TARGET = 13.6;
				MTL_ENABLE_DEBUG_INFO = INCLUDE_SOURCE;
				MTL_FAST_MATH = YES;
				ONLY_ACTIVE_ARCH = YES;
				SDKROOT = iphoneos;
			};
			name = Debug;
		};
		225A25C024FE6B2D00E61417 /* Release */ = {
			isa = XCBuildConfiguration;
			buildSettings = {
				ALWAYS_SEARCH_USER_PATHS = NO;
				CLANG_ANALYZER_NONNULL = YES;
				CLANG_ANALYZER_NUMBER_OBJECT_CONVERSION = YES_AGGRESSIVE;
				CLANG_CXX_LANGUAGE_STANDARD = "gnu++14";
				CLANG_CXX_LIBRARY = "libc++";
				CLANG_ENABLE_MODULES = YES;
				CLANG_ENABLE_OBJC_ARC = YES;
				CLANG_ENABLE_OBJC_WEAK = YES;
				CLANG_WARN_BLOCK_CAPTURE_AUTORELEASING = YES;
				CLANG_WARN_BOOL_CONVERSION = YES;
				CLANG_WARN_COMMA = YES;
				CLANG_WARN_CONSTANT_CONVERSION = YES;
				CLANG_WARN_DEPRECATED_OBJC_IMPLEMENTATIONS = YES;
				CLANG_WARN_DIRECT_OBJC_ISA_USAGE = YES_ERROR;
				CLANG_WARN_DOCUMENTATION_COMMENTS = YES;
				CLANG_WARN_EMPTY_BODY = YES;
				CLANG_WARN_ENUM_CONVERSION = YES;
				CLANG_WARN_INFINITE_RECURSION = YES;
				CLANG_WARN_INT_CONVERSION = YES;
				CLANG_WARN_NON_LITERAL_NULL_CONVERSION = YES;
				CLANG_WARN_OBJC_IMPLICIT_RETAIN_SELF = YES;
				CLANG_WARN_OBJC_LITERAL_CONVERSION = YES;
				CLANG_WARN_OBJC_ROOT_CLASS = YES_ERROR;
				CLANG_WARN_RANGE_LOOP_ANALYSIS = YES;
				CLANG_WARN_STRICT_PROTOTYPES = YES;
				CLANG_WARN_SUSPICIOUS_MOVE = YES;
				CLANG_WARN_UNGUARDED_AVAILABILITY = YES_AGGRESSIVE;
				CLANG_WARN_UNREACHABLE_CODE = YES;
				CLANG_WARN__DUPLICATE_METHOD_MATCH = YES;
				COPY_PHASE_STRIP = NO;
				DEBUG_INFORMATION_FORMAT = "dwarf-with-dsym";
				ENABLE_NS_ASSERTIONS = NO;
				ENABLE_STRICT_OBJC_MSGSEND = YES;
				GCC_C_LANGUAGE_STANDARD = gnu11;
				GCC_NO_COMMON_BLOCKS = YES;
				GCC_WARN_64_TO_32_BIT_CONVERSION = YES;
				GCC_WARN_ABOUT_RETURN_TYPE = YES_ERROR;
				GCC_WARN_UNDECLARED_SELECTOR = YES;
				GCC_WARN_UNINITIALIZED_AUTOS = YES_AGGRESSIVE;
				GCC_WARN_UNUSED_FUNCTION = YES;
				GCC_WARN_UNUSED_VARIABLE = YES;
				IPHONEOS_DEPLOYMENT_TARGET = 13.6;
				MTL_ENABLE_DEBUG_INFO = NO;
				MTL_FAST_MATH = YES;
				SDKROOT = iphoneos;
				VALIDATE_PRODUCT = YES;
			};
			name = Release;
		};
		225A25C224FE6B2D00E61417 /* Debug */ = {
			isa = XCBuildConfiguration;
			baseConfigurationReference = 6CB7BA65248B61F916B978FC /* Pods-FloatingTabBarDemo_V2.debug.xcconfig */;
			buildSettings = {
				ASSETCATALOG_COMPILER_APPICON_NAME = AppIcon;
				CODE_SIGN_STYLE = Automatic;
				DEVELOPMENT_TEAM = A8F7U6DN75;
				INFOPLIST_FILE = FloatingTabBarDemo_V2/Info.plist;
				LD_RUNPATH_SEARCH_PATHS = (
					"$(inherited)",
					"@executable_path/Frameworks",
				);
				PRODUCT_BUNDLE_IDENTIFIER = "Haidian.FloatingTabBarDemo-V2";
				PRODUCT_NAME = "$(TARGET_NAME)";
				TARGETED_DEVICE_FAMILY = "1,2";
			};
			name = Debug;
		};
		225A25C324FE6B2D00E61417 /* Release */ = {
			isa = XCBuildConfiguration;
			baseConfigurationReference = 28C61B813D3DBBDAB844C559 /* Pods-FloatingTabBarDemo_V2.release.xcconfig */;
			buildSettings = {
				ASSETCATALOG_COMPILER_APPICON_NAME = AppIcon;
				CODE_SIGN_STYLE = Automatic;
				DEVELOPMENT_TEAM = A8F7U6DN75;
				INFOPLIST_FILE = FloatingTabBarDemo_V2/Info.plist;
				LD_RUNPATH_SEARCH_PATHS = (
					"$(inherited)",
					"@executable_path/Frameworks",
				);
				PRODUCT_BUNDLE_IDENTIFIER = "Haidian.FloatingTabBarDemo-V2";
				PRODUCT_NAME = "$(TARGET_NAME)";
				TARGETED_DEVICE_FAMILY = "1,2";
			};
			name = Release;
		};
/* End XCBuildConfiguration section */

/* Begin XCConfigurationList section */
		225A25A324FE6B2C00E61417 /* Build configuration list for PBXProject "FloatingTabBarDemo_V2" */ = {
			isa = XCConfigurationList;
			buildConfigurations = (
				225A25BF24FE6B2D00E61417 /* Debug */,
				225A25C024FE6B2D00E61417 /* Release */,
			);
			defaultConfigurationIsVisible = 0;
			defaultConfigurationName = Release;
		};
		225A25C124FE6B2D00E61417 /* Build configuration list for PBXNativeTarget "FloatingTabBarDemo_V2" */ = {
			isa = XCConfigurationList;
			buildConfigurations = (
				225A25C224FE6B2D00E61417 /* Debug */,
				225A25C324FE6B2D00E61417 /* Release */,
			);
			defaultConfigurationIsVisible = 0;
			defaultConfigurationName = Release;
		};
/* End XCConfigurationList section */
	};
	rootObject = 225A25A024FE6B2C00E61417 /* Project object */;
}
