PODS:
  - 500px-iOS-api (1.0.5)
  - AFImageDownloader (1.1.0)
  - libextobjc (0.6):
    - libextobjc/EXTADT (= 0.6)
    - libextobjc/EXTConcreteProtocol (= 0.6)
    - libextobjc/EXTKeyPathCoding (= 0.6)
    - libextobjc/EXTNil (= 0.6)
    - libextobjc/EXTSafeCategory (= 0.6)
    - libextobjc/EXTScope (= 0.6)
    - libextobjc/EXTSelectorChecking (= 0.6)
    - libextobjc/EXTSynthesize (= 0.6)
    - "libextobjc/NSInvocation+EXT (= 0.6)"
    - "libextobjc/NSMethodSignature+EXT (= 0.6)"
    - libextobjc/RuntimeExtensions (= 0.6)
    - libextobjc/UmbrellaHeader (= 0.6)
  - libextobjc/EXTADT (0.6):
    - libextobjc/RuntimeExtensions
  - libextobjc/EXTConcreteProtocol (0.6):
    - libextobjc/RuntimeExtensions
  - libextobjc/EXTKeyPathCoding (0.6):
    - libextobjc/RuntimeExtensions
  - libextobjc/EXTNil (0.6):
    - libextobjc/RuntimeExtensions
  - libextobjc/EXTSafeCategory (0.6):
    - libextobjc/RuntimeExtensions
  - libextobjc/EXTScope (0.6):
    - libextobjc/RuntimeExtensions
  - libextobjc/EXTSelectorChecking (0.6):
    - libextobjc/RuntimeExtensions
  - libextobjc/EXTSynthesize (0.6):
    - libextobjc/RuntimeExtensions
  - "libextobjc/NSInvocation+EXT (0.6)":
    - libextobjc/RuntimeExtensions
  - "libextobjc/NSMethodSignature+EXT (0.6)":
    - libextobjc/RuntimeExtensions
  - libextobjc/RuntimeExtensions (0.6)
  - libextobjc/UmbrellaHeader (0.6)
  - ReactiveCocoa (2.5):
    - ReactiveCocoa/UI (= 2.5)
  - ReactiveCocoa/Core (2.5):
    - ReactiveCocoa/no-arc
  - ReactiveCocoa/no-arc (2.5)
  - ReactiveCocoa/UI (2.5):
    - ReactiveCocoa/Core
  - ReactiveViewModel (0.1.1):
    - ReactiveCocoa (~> 2.1)
  - SVProgressHUD (2.2.5)

DEPENDENCIES:
  - 500px-iOS-api
  - AFImageDownloader
  - libextobjc (~> 0.6)
  - ReactiveCocoa
  - ReactiveViewModel (from `https://github.com/ashfurrow/ReactiveViewModel.git`, tag `0.1.2`)
  - SVProgressHUD (~> 2.2.5)

SPEC REPOS:
  https://github.com/CocoaPods/Specs.git:
    - 500px-iOS-api
    - AFImageDownloader
    - libextobjc
    - ReactiveCocoa
    - SVProgressHUD

EXTERNAL SOURCES:
  ReactiveViewModel:
    :git: https://github.com/ashfurrow/ReactiveViewModel.git
    :tag: 0.1.2

CHECKOUT OPTIONS:
  ReactiveViewModel:
    :git: https://github.com/ashfurrow/ReactiveViewModel.git
    :tag: 0.1.2

SPEC CHECKSUMS:
  500px-iOS-api: d9e46cb6300cef1a12964641374aa467d3cfb891
  AFImageDownloader: 98888db67fa2b3947b5e76f9015971eaa3cea9d5
  libextobjc: aed8b7d2b07f511c1a7ecaacb33ea03e327c69b7
  ReactiveCocoa: e2db045570aa97c695e7aa97c2bcab222ae51f4a
  ReactiveViewModel: 5d852269482387abd4e343cff4c05004967a0707
  SVProgressHUD: 1428aafac632c1f86f62aa4243ec12008d7a51d6

PODFILE CHECKSUM: 89a71f21a0b238e7fda4a4933d052c8044a1ece7

COCOAPODS: 1.9.3
