PODS:
  - Mantle (2.1.1):
    - Mantle/extobjc (= 2.1.1)
  - Mantle/extobjc (2.1.1)
  - MBProgressHUD (1.2.0)
  - PINCache (2.3)
  - SAMKeychain (1.5.3)
  - YYKit (1.0.9):
    - YYKit/no-arc (= 1.0.9)
  - YYKit/no-arc (1.0.9)

DEPENDENCIES:
  - Mantle
  - MBProgressHUD
  - PINCache
  - SAMKeychain
  - YYKit

SPEC REPOS:
  https://github.com/CocoaPods/Specs.git:
    - Mantle
    - MBProgressHUD
    - PINCache
    - SAMKeychain
    - YYKit

SPEC CHECKSUMS:
  Mantle: 35238ae6f2e2b2d474fa7b67fee82a59fea71915
  MBProgressHUD: 3ee5efcc380f6a79a7cc9b363dd669c5e1ae7406
  PINCache: ce36ed282031b92fc7733ffe831f474ff80fddc2
  SAMKeychain: 483e1c9f32984d50ca961e26818a534283b4cd5c
  YYKit: 7cda43304a8dc3696c449041e2cb3107b4e236e7

PODFILE CHECKSUM: aaa4c8a155c3ab1f784112eb12f0e304396d7017

COCOAPODS: 1.9.1
