PODS:
  - Mantle (2.1.1):
    - Mantle/extobjc (= 2.1.1)
  - Mantle/extobjc (2.1.1)
  - SDWebImage (5.7.3):
    - SDWebImage/Core (= 5.7.3)
  - SDWebImage/Core (5.7.3)
  - ZYCornerRadius (1.0.2)

DEPENDENCIES:
  - Mantle
  - SDWebImage
  - ZYCornerRadius

SPEC REPOS:
  https://github.com/CocoaPods/Specs.git:
    - Mantle
    - SDWebImage
    - ZYCornerRadius

SPEC CHECKSUMS:
  Mantle: 35238ae6f2e2b2d474fa7b67fee82a59fea71915
  SDWebImage: 97351f6582ceca541ea294ba66a1fcb342a331c2
  ZYCornerRadius: f0af817be7805b5c63d793042ca7a03f81e14069

PODFILE CHECKSUM: cea63b7e3f3e0c66c1fa714c52d0f9d4ce06f5a2

COCOAPODS: 1.9.1
